[tools]
actionlint = "1.7.4"
cargo-binstall = "1.10.10"
"cargo:cargo-edit" = "0.13.0"
"cargo:cargo-insta" = "1.41.1"
"cargo:cargo-show" = "0.6.0"
"cargo:git-cliff" = "2.6.1"
"cargo:usage-cli" = "1.1.1"
direnv = "latest"
jq = "1.7.1"
"npm:markdownlint-cli" = "0.42.0"
"npm:prettier" = "3.3.3"
"pipx:toml-sort" = "0.23.1"
python = "3.13.0"
ripgrep = "14.1.1"
shellcheck = "0.10.0"
shfmt = "3.10.0"
