[[tools.actionlint]]
version = "1.7.7"
backend = "aqua:rhysd/actionlint"

[tools.actionlint.platforms.linux-x64]
checksum = "sha256:023070a287cd8cccd71515fedc843f1985bf96c436b7effaecce67290e7e0757"
size = 2080472
url = "https://github.com/rhysd/actionlint/releases/download/v1.7.7/actionlint_1.7.7_linux_amd64.tar.gz"

[tools.actionlint.platforms.macos-arm64]
checksum = "sha256:2693315b9093aeacb4ebd91a993fea54fc215057bf0da2659056b4bc033873db"
size = 1962532
url = "https://github.com/rhysd/actionlint/releases/download/v1.7.7/actionlint_1.7.7_darwin_arm64.tar.gz"

[[tools.age]]
version = "1.2.1"
backend = "aqua:FiloSottile/age"

[tools.age.platforms.linux-x64]
checksum = "blake3:8441277927f75428a6d22897a5cc05e8cdc03562d7a203b2bb9a7c6cd1d0c3bd"
size = 5194720
url = "https://github.com/FiloSottile/age/releases/download/v1.2.1/age-v1.2.1-linux-amd64.tar.gz"

[tools.age.platforms.macos-arm64]
checksum = "blake3:5c7e92baa305e64738b31e6ed9725d6cecdb8915af6e1b6c59bb4d7890efaaca"
size = 4758557
url = "https://github.com/FiloSottile/age/releases/download/v1.2.1/age-v1.2.1-darwin-arm64.tar.gz"

[[tools.bun]]
version = "1.2.23"
backend = "core:bun"

[tools.bun.platforms.linux-x64]
checksum = "blake3:b8ea90017983cdbac0ef8f7292d91554f70c6986b73d656c213eabc19d68b9af"
size = 39383658

[tools.bun.platforms.macos-arm64]
checksum = "blake3:621c047bdd068c4972bf7b222a2e112908cd40b53256b690ec0921ea98676756"
size = 22280328

[[tools.cargo-binstall]]
version = "1.15.6"
backend = "aqua:cargo-bins/cargo-binstall"

[tools.cargo-binstall.platforms.linux-x64]
checksum = "blake3:779d104f2f8a3b840a2a56659e3da44f96419d7a5378555b9c3dabe756ac4271"
size = 6770808
url = "https://github.com/cargo-bins/cargo-binstall/releases/download/v1.15.6/cargo-binstall-x86_64-unknown-linux-musl.tgz"

[[tools."cargo:cargo-edit"]]
version = "0.13.7"
backend = "cargo:cargo-edit"

[[tools."cargo:cargo-insta"]]
version = "1.43.2"
backend = "cargo:cargo-insta"

[[tools."cargo:cargo-release"]]
version = "0.25.19"
backend = "cargo:cargo-release"

[[tools."cargo:git-cliff"]]
version = "2.10.1"
backend = "cargo:git-cliff"

[[tools."cargo:toml-cli"]]
version = "0.2.3"
backend = "cargo:toml-cli"

[[tools."cargo:usage-cli"]]
version = "2.3.2"
backend = "cargo:usage-cli"

[[tools.cosign]]
version = "2.6.1"
backend = "aqua:sigstore/cosign"

[tools.cosign.platforms.linux-x64]
checksum = "sha256:064954c5d8c7e3b28188eee5b1727b31c411550bc5fefd41aa672d3c761d103a"
size = 155339383
url = "https://github.com/sigstore/cosign/releases/download/v2.6.1/cosign-linux-amd64"

[[tools.gh]]
version = "2.62.0"
backend = "aqua:cli/cli"

[tools.gh.platforms.linux-x64]
checksum = "sha256:41c8b0698ad3003cb5c44bde672a1ffd5f818595abd80162fbf8cc999418446a"
size = 13065800
url = "https://github.com/cli/cli/releases/download/v2.62.0/gh_2.62.0_linux_amd64.tar.gz"

[tools.gh.platforms.macos-arm64]
checksum = "sha256:fdb77f31b8a6dd23c3fd858758d692a45f7fc76383e37d475bdcae038df92afc"
size = 12793347
url = "https://github.com/cli/cli/releases/download/v2.62.0/gh_2.62.0_macOS_arm64.zip"

[[tools.hk]]
version = "1.16.0"
backend = "aqua:jdx/hk"

[tools.hk.platforms.linux-x64]
checksum = "blake3:c3668b4b8f7942d432a7137d34fb50fee92c62b6307d5cf7f0665738299523d1"
size = 6958777
url = "https://github.com/jdx/hk/releases/download/v1.16.0/hk-x86_64-unknown-linux-gnu.tar.gz"

[[tools.jq]]
version = "1.8.1"
backend = "aqua:jqlang/jq"

[tools.jq.platforms.linux-x64]
checksum = "sha256:020468de7539ce70ef1bceaf7cde2e8c4f2ca6c3afb84642aabc5c97d9fc2a0d"
size = 2255816
url = "https://github.com/jqlang/jq/releases/download/jq-1.8.1/jq-linux-amd64"

[tools.jq.platforms.macos-arm64]
checksum = "sha256:a9fe3ea2f86dfc72f6728417521ec9067b343277152b114f4e98d8cb0e263603"
size = 841408
url = "https://github.com/jqlang/jq/releases/download/jq-1.8.1/jq-macos-arm64"

[[tools."npm:ajv-cli"]]
version = "5.0.0"
backend = "npm:ajv-cli"

[[tools."npm:markdownlint-cli"]]
version = "0.45.0"
backend = "npm:markdownlint-cli"

[[tools."npm:prettier"]]
version = "3.6.2"
backend = "npm:prettier"

[[tools.pkl]]
version = "0.29.1"
backend = "aqua:apple/pkl"

[tools.pkl.platforms.linux-x64]
checksum = "blake3:8b26122653f2b25453211286c68f96eb53373763dc743bf8ff6c2c80917848e2"
size = 103994144
url = "https://github.com/apple/pkl/releases/download/0.29.1/pkl-linux-amd64"

[tools.pkl.platforms.macos-arm64]
checksum = "blake3:5160399295c75f15f6b2b1e2925945a5d42a66793aa4eec821ab2dc60a5ae4ea"
size = 104874656
url = "https://github.com/apple/pkl/releases/download/0.29.1/pkl-macos-aarch64"

[[tools.pre-commit]]
version = "4.3.0"
backend = "aqua:pre-commit/pre-commit"

[tools.pre-commit.platforms.linux-x64]
checksum = "sha256:f1d50b97e9ca9167aceb76c14e90b07cde8b6789bc199d5005cfd817a718878c"
size = 8268268
url = "https://github.com/pre-commit/pre-commit/releases/download/v4.3.0/pre-commit-4.3.0.pyz"

[tools.pre-commit.platforms.macos-arm64]
checksum = "sha256:f1d50b97e9ca9167aceb76c14e90b07cde8b6789bc199d5005cfd817a718878c"
size = 8268268
url = "https://github.com/pre-commit/pre-commit/releases/download/v4.3.0/pre-commit-4.3.0.pyz"

[[tools.ripgrep]]
version = "14.1.1"
backend = "aqua:BurntSushi/ripgrep"

[tools.ripgrep.platforms.linux-x64]
checksum = "sha256:4cf9f2741e6c465ffdb7c26f38056a59e2a2544b51f7cc128ef28337eeae4d8e"
size = 2566310
url = "https://github.com/BurntSushi/ripgrep/releases/download/14.1.1/ripgrep-14.1.1-x86_64-unknown-linux-musl.tar.gz"

[tools.ripgrep.platforms.macos-arm64]
checksum = "sha256:24ad76777745fbff131c8fbc466742b011f925bfa4fffa2ded6def23b5b937be"
size = 1787248
url = "https://github.com/BurntSushi/ripgrep/releases/download/14.1.1/ripgrep-14.1.1-aarch64-apple-darwin.tar.gz"

[[tools.shellcheck]]
version = "0.11.0"
backend = "aqua:koalaman/shellcheck"

[tools.shellcheck.platforms.linux-x64]
checksum = "blake3:0ad9524f3f16ad030f8350e7b970c62c24aeff3d813f2565665aecc5a8b79644"
size = 2559196
url = "https://github.com/koalaman/shellcheck/releases/download/v0.11.0/shellcheck-v0.11.0.linux.x86_64.tar.xz"

[[tools.shfmt]]
version = "3.12.0"
backend = "aqua:mvdan/sh"

[tools.shfmt.platforms.linux-x64]
checksum = "sha256:d9fbb2a9c33d13f47e7618cf362a914d029d02a6df124064fff04fd688a745ea"
size = 2916536
url = "https://github.com/mvdan/sh/releases/download/v3.12.0/shfmt_v3.12.0_linux_amd64"

[[tools.slsa-verifier]]
version = "2.7.1"
backend = "ubi:slsa-framework/slsa-verifier"

[tools.slsa-verifier.platforms.linux-x64-slsa-verifier]
checksum = "blake3:6b7c72ece3e3cbd9db12dd8e261e594bb24721db140692d4f5cbdf508df45156"

[tools.slsa-verifier.platforms.macos-arm64-slsa-verifier]
checksum = "blake3:af93f77462964b7eeb93b9f45ccedeefc641305f6618d9ffc2480d89b0cceed6"

[[tools.sops]]
version = "3.11.0"
backend = "aqua:getsops/sops"

[tools.sops.platforms.linux-x64]
checksum = "sha256:775f1384d55decfad228e7196a3f683791914f92a473f78fc47700531c29dfef"
size = 46346424
url = "https://github.com/getsops/sops/releases/download/v3.11.0/sops-v3.11.0.linux.amd64"

[[tools.taplo]]
version = "0.10.0"
backend = "aqua:tamasfe/taplo"

[tools.taplo.platforms.linux-x64]
checksum = "blake3:4871fab0e60275a1eb46e7190726e144f56c9a9527f59b0d1da5a042baead8e2"
size = 5116068
url = "https://github.com/tamasfe/taplo/releases/download/0.10.0/taplo-linux-x86_64.gz"

[[tools.wait-for-gh-rate-limit]]
version = "1.0.0"
backend = "ubi:jdx/wait-for-gh-rate-limit"

[tools.wait-for-gh-rate-limit.platforms.linux-x64-wait-for-gh-rate-limit]
checksum = "blake3:2123971d2eea236d17fb0475c94bef89adf9239df4a8da53261d2eaf8551c622"

[tools.wait-for-gh-rate-limit.platforms.macos-arm64-wait-for-gh-rate-limit]
checksum = "blake3:8feb249767c436b69fd9bcb56901fdc56713c09247e9f6c1ce67f55b613bc082"
