[tools.actionlint]
version = "1.7.4"

[tools.actionlint.checksums]
actionlint-macos-aarch64 = "sha256:f381afca13b39e095e4cee25e2b2abbb39ae8b2848f5ccd2564bf86192c1b661"

[tools.bun]
version = "1.1.36"

[tools.bun.checksums]
"bun-darwin-aarch64.zip" = "sha256:f299aaf467ec8e610bbefef8b91664ab3b199a174ceb2f5a97d624c96dfde068"

[tools.cargo-binstall]
version = "1.10.13"

[tools.cargo-binstall.checksums]
cargo-binstall-macos-aarch64 = "sha256:f67dd4fc8ea01b4c55fe041a0fbd6d81a361947f1dbf2bd226490c641cc167b3"

[tools."cargo:cargo-edit"]
version = "0.13.0"

[tools."cargo:cargo-insta"]
version = "1.41.1"

[tools."cargo:cargo-show"]
version = "0.6.0"

[tools."cargo:git-cliff"]
version = "2.7.0"

[tools."cargo:usage-cli"]
version = "1.3.3"

[tools.cosign]
version = "2.4.1"

[tools.cosign.checksums]
cosign-darwin-arm64 = "sha256:13343856b69f70388c4fe0b986a31dde5958e444b41be22d785d3dc5e1a9cc62"

[tools.jq]
version = "1.7.1"

[tools.jq.checksums]
jq-macos-arm64 = "sha256:0bbe619e663e0de2c550be2fe0d240d076799d6f8a652b70fa04aea8a8362e8a"

[tools."npm:markdownlint-cli"]
version = "0.42.0"

[tools."npm:prettier"]
version = "3.3.3"

[tools."pipx:toml-sort"]
version = "0.24.2"

[tools.ripgrep]
version = "14.1.1"

[tools.ripgrep.checksums]
"ripgrep-14.1.1-aarch64-apple-darwin.tar.gz" = "sha256:24ad76777745fbff131c8fbc466742b011f925bfa4fffa2ded6def23b5b937be"

[tools.shellcheck]
version = "0.10.0"

[tools.shellcheck.checksums]
shellcheck-macos-aarch64 = "sha256:b9e420df8c78ec7d261d66277d5767cbd4cf6da4e4a9f8b02ea4811cd4cc1109"

[tools.shfmt]
version = "3.10.0"

[tools.slsa-verifier]
version = "2.6.0"

[tools.slsa-verifier.checksums]
slsa-verifier-macos-aarch64 = "sha256:8740e66832fd48bbaa479acd5310986b876ff545460add0cb4a087aec056189c"
