{
  "lockfileVersion": 1,
  "workspaces": {
    "": {
      "name": "@mise/docs",
      "dependencies": {
        "@types/markdown-it": "^14.1.2",
        "js-toml": "^1.0.2",
        "markdown-it": "^14.1.0",
        "vitepress-plugin-group-icons": "^1.6.5",
        "vitepress-plugin-tabs": "^0.7.3",
      },
      "devDependencies": {
        "vitepress": "1.6.4",
        "vitepress-plugin-mermaid": "2.0.17",
      },
    },
  },
  "packages": {
    "@algolia/autocomplete-core": ["@algolia/autocomplete-core@1.17.7", "", { "dependencies": { "@algolia/autocomplete-plugin-algolia-insights": "1.17.7", "@algolia/autocomplete-shared": "1.17.7" } }, ""],

    "@algolia/autocomplete-plugin-algolia-insights": ["@algolia/autocomplete-plugin-algolia-insights@1.17.7", "", { "dependencies": { "@algolia/autocomplete-shared": "1.17.7" }, "peerDependencies": { "search-insights": ">= 1 < 3" } }, ""],

    "@algolia/autocomplete-preset-algolia": ["@algolia/autocomplete-preset-algolia@1.17.7", "", { "dependencies": { "@algolia/autocomplete-shared": "1.17.7" }, "peerDependencies": { "@algolia/client-search": ">= 4.9.1 < 6", "algoliasearch": ">= 4.9.1 < 6" } }, ""],

    "@algolia/autocomplete-shared": ["@algolia/autocomplete-shared@1.17.7", "", { "peerDependencies": { "@algolia/client-search": ">= 4.9.1 < 6", "algoliasearch": ">= 4.9.1 < 6" } }, ""],

    "@algolia/client-abtesting": ["@algolia/client-abtesting@5.20.1", "", { "dependencies": { "@algolia/client-common": "5.20.1", "@algolia/requester-browser-xhr": "5.20.1", "@algolia/requester-fetch": "5.20.1", "@algolia/requester-node-http": "5.20.1" } }, ""],

    "@algolia/client-analytics": ["@algolia/client-analytics@5.20.1", "", { "dependencies": { "@algolia/client-common": "5.20.1", "@algolia/requester-browser-xhr": "5.20.1", "@algolia/requester-fetch": "5.20.1", "@algolia/requester-node-http": "5.20.1" } }, ""],

    "@algolia/client-common": ["@algolia/client-common@5.20.1", "", {}, ""],

    "@algolia/client-insights": ["@algolia/client-insights@5.20.1", "", { "dependencies": { "@algolia/client-common": "5.20.1", "@algolia/requester-browser-xhr": "5.20.1", "@algolia/requester-fetch": "5.20.1", "@algolia/requester-node-http": "5.20.1" } }, ""],

    "@algolia/client-personalization": ["@algolia/client-personalization@5.20.1", "", { "dependencies": { "@algolia/client-common": "5.20.1", "@algolia/requester-browser-xhr": "5.20.1", "@algolia/requester-fetch": "5.20.1", "@algolia/requester-node-http": "5.20.1" } }, ""],

    "@algolia/client-query-suggestions": ["@algolia/client-query-suggestions@5.20.1", "", { "dependencies": { "@algolia/client-common": "5.20.1", "@algolia/requester-browser-xhr": "5.20.1", "@algolia/requester-fetch": "5.20.1", "@algolia/requester-node-http": "5.20.1" } }, ""],

    "@algolia/client-search": ["@algolia/client-search@5.20.1", "", { "dependencies": { "@algolia/client-common": "5.20.1", "@algolia/requester-browser-xhr": "5.20.1", "@algolia/requester-fetch": "5.20.1", "@algolia/requester-node-http": "5.20.1" } }, ""],

    "@algolia/ingestion": ["@algolia/ingestion@1.20.1", "", { "dependencies": { "@algolia/client-common": "5.20.1", "@algolia/requester-browser-xhr": "5.20.1", "@algolia/requester-fetch": "5.20.1", "@algolia/requester-node-http": "5.20.1" } }, ""],

    "@algolia/monitoring": ["@algolia/monitoring@1.20.1", "", { "dependencies": { "@algolia/client-common": "5.20.1", "@algolia/requester-browser-xhr": "5.20.1", "@algolia/requester-fetch": "5.20.1", "@algolia/requester-node-http": "5.20.1" } }, ""],

    "@algolia/recommend": ["@algolia/recommend@5.20.1", "", { "dependencies": { "@algolia/client-common": "5.20.1", "@algolia/requester-browser-xhr": "5.20.1", "@algolia/requester-fetch": "5.20.1", "@algolia/requester-node-http": "5.20.1" } }, ""],

    "@algolia/requester-browser-xhr": ["@algolia/requester-browser-xhr@5.20.1", "", { "dependencies": { "@algolia/client-common": "5.20.1" } }, ""],

    "@algolia/requester-fetch": ["@algolia/requester-fetch@5.20.1", "", { "dependencies": { "@algolia/client-common": "5.20.1" } }, ""],

    "@algolia/requester-node-http": ["@algolia/requester-node-http@5.20.1", "", { "dependencies": { "@algolia/client-common": "5.20.1" } }, ""],

    "@antfu/install-pkg": ["@antfu/install-pkg@1.1.0", "", { "dependencies": { "package-manager-detector": "^1.3.0", "tinyexec": "^1.0.1" } }, "sha512-MGQsmw10ZyI+EJo45CdSER4zEb+p31LpDAFp2Z3gkSd1yqVZGi0Ebx++YTEMonJy4oChEMLsxZ64j8FH6sSqtQ=="],

    "@antfu/utils": ["@antfu/utils@9.3.0", "", {}, "sha512-9hFT4RauhcUzqOE4f1+frMKLZrgNog5b06I7VmZQV1BkvwvqrbC8EBZf3L1eEL2AKb6rNKjER0sEvJiSP1FXEA=="],

    "@babel/helper-string-parser": ["@babel/helper-string-parser@7.25.9", "", {}, ""],

    "@babel/helper-validator-identifier": ["@babel/helper-validator-identifier@7.25.9", "", {}, ""],

    "@babel/parser": ["@babel/parser@7.26.7", "", { "dependencies": { "@babel/types": "^7.26.7" }, "bin": { "parser": "bin/babel-parser.js" } }, ""],

    "@babel/runtime-corejs3": ["@babel/runtime-corejs3@7.26.7", "", { "dependencies": { "core-js-pure": "^3.30.2", "regenerator-runtime": "^0.14.0" } }, ""],

    "@babel/types": ["@babel/types@7.26.7", "", { "dependencies": { "@babel/helper-string-parser": "^7.25.9", "@babel/helper-validator-identifier": "^7.25.9" } }, ""],

    "@braintree/sanitize-url": ["@braintree/sanitize-url@6.0.4", "", {}, ""],

    "@chevrotain/cst-dts-gen": ["@chevrotain/cst-dts-gen@11.0.3", "", { "dependencies": { "@chevrotain/gast": "11.0.3", "@chevrotain/types": "11.0.3", "lodash-es": "4.17.21" } }, ""],

    "@chevrotain/gast": ["@chevrotain/gast@11.0.3", "", { "dependencies": { "@chevrotain/types": "11.0.3", "lodash-es": "4.17.21" } }, ""],

    "@chevrotain/regexp-to-ast": ["@chevrotain/regexp-to-ast@11.0.3", "", {}, ""],

    "@chevrotain/types": ["@chevrotain/types@11.0.3", "", {}, ""],

    "@chevrotain/utils": ["@chevrotain/utils@11.0.3", "", {}, ""],

    "@docsearch/css": ["@docsearch/css@3.8.2", "", {}, ""],

    "@docsearch/js": ["@docsearch/js@3.8.2", "", { "dependencies": { "@docsearch/react": "3.8.2", "preact": "^10.0.0" } }, ""],

    "@docsearch/react": ["@docsearch/react@3.8.2", "", { "dependencies": { "@algolia/autocomplete-core": "1.17.7", "@algolia/autocomplete-preset-algolia": "1.17.7", "@docsearch/css": "3.8.2", "algoliasearch": "^5.14.2" }, "peerDependencies": { "@types/react": ">= 16.8.0 < 19.0.0", "react": ">= 16.8.0 < 19.0.0", "react-dom": ">= 16.8.0 < 19.0.0", "search-insights": ">= 1 < 3" }, "optionalPeers": ["@types/react", "react", "react-dom"] }, ""],

    "@esbuild/darwin-arm64": ["@esbuild/darwin-arm64@0.21.5", "", { "os": "darwin", "cpu": "arm64" }, ""],

    "@iconify-json/logos": ["@iconify-json/logos@1.2.9", "", { "dependencies": { "@iconify/types": "*" } }, "sha512-G6VCdFnwZcrT6Eveq3m43oJfLw/CX8plwFcE+2jgv3fiGB64pTmnU7Yd1MNZ/eA+/Re2iEDhuCfSNOWTHwwK8w=="],

    "@iconify-json/simple-icons": ["@iconify-json/simple-icons@1.2.23", "", { "dependencies": { "@iconify/types": "*" } }, ""],

    "@iconify-json/vscode-icons": ["@iconify-json/vscode-icons@1.2.33", "", { "dependencies": { "@iconify/types": "*" } }, "sha512-2lKDybGxXXeLeeqeNT2YVDYXs5va0YMHf06w3GemS22j/0CCTpKwKDK7REaibsCq3bRV8qX0RJDM4AbREE7L+w=="],

    "@iconify/types": ["@iconify/types@2.0.0", "", {}, ""],

    "@iconify/utils": ["@iconify/utils@3.0.2", "", { "dependencies": { "@antfu/install-pkg": "^1.1.0", "@antfu/utils": "^9.2.0", "@iconify/types": "^2.0.0", "debug": "^4.4.1", "globals": "^15.15.0", "kolorist": "^1.8.0", "local-pkg": "^1.1.1", "mlly": "^1.7.4" } }, "sha512-EfJS0rLfVuRuJRn4psJHtK2A9TqVnkxPpHY6lYHiB9+8eSuudsxbwMiavocG45ujOo6FJ+CIRlRnlOGinzkaGQ=="],

    "@jridgewell/sourcemap-codec": ["@jridgewell/sourcemap-codec@1.5.0", "", {}, ""],

    "@mermaid-js/mermaid-mindmap": ["@mermaid-js/mermaid-mindmap@9.3.0", "", { "dependencies": { "@braintree/sanitize-url": "^6.0.0", "cytoscape": "^3.23.0", "cytoscape-cose-bilkent": "^4.1.0", "cytoscape-fcose": "^2.1.0", "d3": "^7.0.0", "khroma": "^2.0.0", "non-layered-tidy-tree-layout": "^2.0.2" } }, ""],

    "@mermaid-js/parser": ["@mermaid-js/parser@0.6.1", "", { "dependencies": { "langium": "3.3.1" } }, ""],

    "@rollup/rollup-darwin-arm64": ["@rollup/rollup-darwin-arm64@4.34.4", "", { "os": "darwin", "cpu": "arm64" }, ""],

    "@shikijs/core": ["@shikijs/core@2.3.2", "", { "dependencies": { "@shikijs/engine-javascript": "2.3.2", "@shikijs/engine-oniguruma": "2.3.2", "@shikijs/types": "2.3.2", "@shikijs/vscode-textmate": "^10.0.1", "@types/hast": "^3.0.4", "hast-util-to-html": "^9.0.4" } }, ""],

    "@shikijs/engine-javascript": ["@shikijs/engine-javascript@2.3.2", "", { "dependencies": { "@shikijs/types": "2.3.2", "@shikijs/vscode-textmate": "^10.0.1", "oniguruma-to-es": "^3.1.0" } }, ""],

    "@shikijs/engine-oniguruma": ["@shikijs/engine-oniguruma@2.3.2", "", { "dependencies": { "@shikijs/types": "2.3.2", "@shikijs/vscode-textmate": "^10.0.1" } }, ""],

    "@shikijs/langs": ["@shikijs/langs@2.5.0", "", { "dependencies": { "@shikijs/types": "2.5.0" } }, "sha512-Qfrrt5OsNH5R+5tJ/3uYBBZv3SuGmnRPejV9IlIbFH3HTGLDlkqgHymAlzklVmKBjAaVmkPkyikAV/sQ1wSL+w=="],

    "@shikijs/themes": ["@shikijs/themes@2.5.0", "", { "dependencies": { "@shikijs/types": "2.5.0" } }, "sha512-wGrk+R8tJnO0VMzmUExHR+QdSaPUl/NKs+a4cQQRWyoc3YFbUzuLEi/KWK1hj+8BfHRKm2jNhhJck1dfstJpiw=="],

    "@shikijs/transformers": ["@shikijs/transformers@2.3.2", "", { "dependencies": { "@shikijs/core": "2.3.2", "@shikijs/types": "2.3.2" } }, ""],

    "@shikijs/types": ["@shikijs/types@2.3.2", "", { "dependencies": { "@shikijs/vscode-textmate": "^10.0.1", "@types/hast": "^3.0.4" } }, ""],

    "@shikijs/vscode-textmate": ["@shikijs/vscode-textmate@10.0.2", "", {}, "sha512-83yeghZ2xxin3Nj8z1NMd/NCuca+gsYXswywDy5bHvwlWL8tpTQmzGeUuHd9FC3E/SBEMvzJRwWEOz5gGes9Qg=="],

    "@types/d3": ["@types/d3@7.4.3", "", { "dependencies": { "@types/d3-array": "*", "@types/d3-axis": "*", "@types/d3-brush": "*", "@types/d3-chord": "*", "@types/d3-color": "*", "@types/d3-contour": "*", "@types/d3-delaunay": "*", "@types/d3-dispatch": "*", "@types/d3-drag": "*", "@types/d3-dsv": "*", "@types/d3-ease": "*", "@types/d3-fetch": "*", "@types/d3-force": "*", "@types/d3-format": "*", "@types/d3-geo": "*", "@types/d3-hierarchy": "*", "@types/d3-interpolate": "*", "@types/d3-path": "*", "@types/d3-polygon": "*", "@types/d3-quadtree": "*", "@types/d3-random": "*", "@types/d3-scale": "*", "@types/d3-scale-chromatic": "*", "@types/d3-selection": "*", "@types/d3-shape": "*", "@types/d3-time": "*", "@types/d3-time-format": "*", "@types/d3-timer": "*", "@types/d3-transition": "*", "@types/d3-zoom": "*" } }, ""],

    "@types/d3-array": ["@types/d3-array@3.2.1", "", {}, ""],

    "@types/d3-axis": ["@types/d3-axis@3.0.6", "", { "dependencies": { "@types/d3-selection": "*" } }, ""],

    "@types/d3-brush": ["@types/d3-brush@3.0.6", "", { "dependencies": { "@types/d3-selection": "*" } }, ""],

    "@types/d3-chord": ["@types/d3-chord@3.0.6", "", {}, ""],

    "@types/d3-color": ["@types/d3-color@3.1.3", "", {}, ""],

    "@types/d3-contour": ["@types/d3-contour@3.0.6", "", { "dependencies": { "@types/d3-array": "*", "@types/geojson": "*" } }, ""],

    "@types/d3-delaunay": ["@types/d3-delaunay@6.0.4", "", {}, ""],

    "@types/d3-dispatch": ["@types/d3-dispatch@3.0.6", "", {}, ""],

    "@types/d3-drag": ["@types/d3-drag@3.0.7", "", { "dependencies": { "@types/d3-selection": "*" } }, ""],

    "@types/d3-dsv": ["@types/d3-dsv@3.0.7", "", {}, ""],

    "@types/d3-ease": ["@types/d3-ease@3.0.2", "", {}, ""],

    "@types/d3-fetch": ["@types/d3-fetch@3.0.7", "", { "dependencies": { "@types/d3-dsv": "*" } }, ""],

    "@types/d3-force": ["@types/d3-force@3.0.10", "", {}, ""],

    "@types/d3-format": ["@types/d3-format@3.0.4", "", {}, ""],

    "@types/d3-geo": ["@types/d3-geo@3.1.0", "", { "dependencies": { "@types/geojson": "*" } }, ""],

    "@types/d3-hierarchy": ["@types/d3-hierarchy@3.1.7", "", {}, ""],

    "@types/d3-interpolate": ["@types/d3-interpolate@3.0.4", "", { "dependencies": { "@types/d3-color": "*" } }, ""],

    "@types/d3-path": ["@types/d3-path@3.1.1", "", {}, ""],

    "@types/d3-polygon": ["@types/d3-polygon@3.0.2", "", {}, ""],

    "@types/d3-quadtree": ["@types/d3-quadtree@3.0.6", "", {}, ""],

    "@types/d3-random": ["@types/d3-random@3.0.3", "", {}, ""],

    "@types/d3-scale": ["@types/d3-scale@4.0.9", "", { "dependencies": { "@types/d3-time": "*" } }, ""],

    "@types/d3-scale-chromatic": ["@types/d3-scale-chromatic@3.1.0", "", {}, ""],

    "@types/d3-selection": ["@types/d3-selection@3.0.11", "", {}, ""],

    "@types/d3-shape": ["@types/d3-shape@3.1.7", "", { "dependencies": { "@types/d3-path": "*" } }, ""],

    "@types/d3-time": ["@types/d3-time@3.0.4", "", {}, ""],

    "@types/d3-time-format": ["@types/d3-time-format@4.0.3", "", {}, ""],

    "@types/d3-timer": ["@types/d3-timer@3.0.2", "", {}, ""],

    "@types/d3-transition": ["@types/d3-transition@3.0.9", "", { "dependencies": { "@types/d3-selection": "*" } }, ""],

    "@types/d3-zoom": ["@types/d3-zoom@3.0.8", "", { "dependencies": { "@types/d3-interpolate": "*", "@types/d3-selection": "*" } }, ""],

    "@types/estree": ["@types/estree@1.0.6", "", {}, ""],

    "@types/geojson": ["@types/geojson@7946.0.16", "", {}, ""],

    "@types/hast": ["@types/hast@3.0.4", "", { "dependencies": { "@types/unist": "*" } }, ""],

    "@types/linkify-it": ["@types/linkify-it@5.0.0", "", {}, ""],

    "@types/markdown-it": ["@types/markdown-it@14.1.2", "", { "dependencies": { "@types/linkify-it": "^5", "@types/mdurl": "^2" } }, ""],

    "@types/mdast": ["@types/mdast@4.0.4", "", { "dependencies": { "@types/unist": "*" } }, ""],

    "@types/mdurl": ["@types/mdurl@2.0.0", "", {}, ""],

    "@types/trusted-types": ["@types/trusted-types@2.0.7", "", {}, ""],

    "@types/unist": ["@types/unist@3.0.3", "", {}, ""],

    "@types/web-bluetooth": ["@types/web-bluetooth@0.0.20", "", {}, ""],

    "@ungap/structured-clone": ["@ungap/structured-clone@1.3.0", "", {}, ""],

    "@vitejs/plugin-vue": ["@vitejs/plugin-vue@5.2.1", "", { "peerDependencies": { "vite": "^5.0.0 || ^6.0.0", "vue": "^3.2.25" } }, ""],

    "@vue/compiler-core": ["@vue/compiler-core@3.5.13", "", { "dependencies": { "@babel/parser": "^7.25.3", "@vue/shared": "3.5.13", "entities": "^4.5.0", "estree-walker": "^2.0.2", "source-map-js": "^1.2.0" } }, ""],

    "@vue/compiler-dom": ["@vue/compiler-dom@3.5.13", "", { "dependencies": { "@vue/compiler-core": "3.5.13", "@vue/shared": "3.5.13" } }, ""],

    "@vue/compiler-sfc": ["@vue/compiler-sfc@3.5.13", "", { "dependencies": { "@babel/parser": "^7.25.3", "@vue/compiler-core": "3.5.13", "@vue/compiler-dom": "3.5.13", "@vue/compiler-ssr": "3.5.13", "@vue/shared": "3.5.13", "estree-walker": "^2.0.2", "magic-string": "^0.30.11", "postcss": "^8.4.48", "source-map-js": "^1.2.0" } }, ""],

    "@vue/compiler-ssr": ["@vue/compiler-ssr@3.5.13", "", { "dependencies": { "@vue/compiler-dom": "3.5.13", "@vue/shared": "3.5.13" } }, ""],

    "@vue/devtools-api": ["@vue/devtools-api@7.7.1", "", { "dependencies": { "@vue/devtools-kit": "^7.7.1" } }, ""],

    "@vue/devtools-kit": ["@vue/devtools-kit@7.7.1", "", { "dependencies": { "@vue/devtools-shared": "^7.7.1", "birpc": "^0.2.19", "hookable": "^5.5.3", "mitt": "^3.0.1", "perfect-debounce": "^1.0.0", "speakingurl": "^14.0.1", "superjson": "^2.2.1" } }, ""],

    "@vue/devtools-shared": ["@vue/devtools-shared@7.7.1", "", { "dependencies": { "rfdc": "^1.4.1" } }, ""],

    "@vue/reactivity": ["@vue/reactivity@3.5.13", "", { "dependencies": { "@vue/shared": "3.5.13" } }, ""],

    "@vue/runtime-core": ["@vue/runtime-core@3.5.13", "", { "dependencies": { "@vue/reactivity": "3.5.13", "@vue/shared": "3.5.13" } }, ""],

    "@vue/runtime-dom": ["@vue/runtime-dom@3.5.13", "", { "dependencies": { "@vue/reactivity": "3.5.13", "@vue/runtime-core": "3.5.13", "@vue/shared": "3.5.13", "csstype": "^3.1.3" } }, ""],

    "@vue/server-renderer": ["@vue/server-renderer@3.5.13", "", { "dependencies": { "@vue/compiler-ssr": "3.5.13", "@vue/shared": "3.5.13" }, "peerDependencies": { "vue": "3.5.13" } }, ""],

    "@vue/shared": ["@vue/shared@3.5.13", "", {}, ""],

    "@vueuse/core": ["@vueuse/core@12.5.0", "", { "dependencies": { "@types/web-bluetooth": "^0.0.20", "@vueuse/metadata": "12.5.0", "@vueuse/shared": "12.5.0", "vue": "^3.5.13" } }, ""],

    "@vueuse/integrations": ["@vueuse/integrations@12.5.0", "", { "dependencies": { "@vueuse/core": "12.5.0", "@vueuse/shared": "12.5.0", "vue": "^3.5.13" }, "peerDependencies": { "async-validator": "^4", "axios": "^1", "change-case": "^5", "drauu": "^0.4", "focus-trap": "^7", "fuse.js": "^7", "idb-keyval": "^6", "jwt-decode": "^4", "nprogress": "^0.2", "qrcode": "^1.5", "sortablejs": "^1", "universal-cookie": "^7" }, "optionalPeers": ["async-validator", "axios", "change-case", "drauu", "fuse.js", "idb-keyval", "jwt-decode", "nprogress", "qrcode", "sortablejs", "universal-cookie"] }, ""],

    "@vueuse/metadata": ["@vueuse/metadata@12.5.0", "", {}, ""],

    "@vueuse/shared": ["@vueuse/shared@12.5.0", "", { "dependencies": { "vue": "^3.5.13" } }, ""],

    "acorn": ["acorn@8.14.0", "", { "bin": "bin/acorn" }, ""],

    "algoliasearch": ["algoliasearch@5.20.1", "", { "dependencies": { "@algolia/client-abtesting": "5.20.1", "@algolia/client-analytics": "5.20.1", "@algolia/client-common": "5.20.1", "@algolia/client-insights": "5.20.1", "@algolia/client-personalization": "5.20.1", "@algolia/client-query-suggestions": "5.20.1", "@algolia/client-search": "5.20.1", "@algolia/ingestion": "1.20.1", "@algolia/monitoring": "1.20.1", "@algolia/recommend": "5.20.1", "@algolia/requester-browser-xhr": "5.20.1", "@algolia/requester-fetch": "5.20.1", "@algolia/requester-node-http": "5.20.1" } }, ""],

    "argparse": ["argparse@2.0.1", "", {}, ""],

    "birpc": ["birpc@0.2.19", "", {}, ""],

    "ccount": ["ccount@2.0.1", "", {}, ""],

    "character-entities-html4": ["character-entities-html4@2.1.0", "", {}, ""],

    "character-entities-legacy": ["character-entities-legacy@3.0.0", "", {}, ""],

    "chevrotain": ["chevrotain@11.0.3", "", { "dependencies": { "@chevrotain/cst-dts-gen": "11.0.3", "@chevrotain/gast": "11.0.3", "@chevrotain/regexp-to-ast": "11.0.3", "@chevrotain/types": "11.0.3", "@chevrotain/utils": "11.0.3", "lodash-es": "4.17.21" } }, ""],

    "chevrotain-allstar": ["chevrotain-allstar@0.3.1", "", { "dependencies": { "lodash-es": "^4.17.21" }, "peerDependencies": { "chevrotain": "^11.0.0" } }, ""],

    "comma-separated-tokens": ["comma-separated-tokens@2.0.3", "", {}, ""],

    "commander": ["commander@8.3.0", "", {}, ""],

    "confbox": ["confbox@0.2.2", "", {}, "sha512-1NB+BKqhtNipMsov4xI/NnhCKp9XG9NamYp5PVm9klAT0fsrNPjaFICsCFhNhwZJKNh7zB/3q8qXz0E9oaMNtQ=="],

    "copy-anything": ["copy-anything@3.0.5", "", { "dependencies": { "is-what": "^4.1.8" } }, ""],

    "core-js-pure": ["core-js-pure@3.40.0", "", {}, ""],

    "cose-base": ["cose-base@1.0.3", "", { "dependencies": { "layout-base": "^1.0.0" } }, ""],

    "csstype": ["csstype@3.1.3", "", {}, ""],

    "cytoscape": ["cytoscape@3.32.1", "", {}, ""],

    "cytoscape-cose-bilkent": ["cytoscape-cose-bilkent@4.1.0", "", { "dependencies": { "cose-base": "^1.0.0" }, "peerDependencies": { "cytoscape": "^3.2.0" } }, ""],

    "cytoscape-fcose": ["cytoscape-fcose@2.2.0", "", { "dependencies": { "cose-base": "^2.2.0" }, "peerDependencies": { "cytoscape": "^3.2.0" } }, ""],

    "d3": ["d3@7.9.0", "", { "dependencies": { "d3-array": "3", "d3-axis": "3", "d3-brush": "3", "d3-chord": "3", "d3-color": "3", "d3-contour": "4", "d3-delaunay": "6", "d3-dispatch": "3", "d3-drag": "3", "d3-dsv": "3", "d3-ease": "3", "d3-fetch": "3", "d3-force": "3", "d3-format": "3", "d3-geo": "3", "d3-hierarchy": "3", "d3-interpolate": "3", "d3-path": "3", "d3-polygon": "3", "d3-quadtree": "3", "d3-random": "3", "d3-scale": "4", "d3-scale-chromatic": "3", "d3-selection": "3", "d3-shape": "3", "d3-time": "3", "d3-time-format": "4", "d3-timer": "3", "d3-transition": "3", "d3-zoom": "3" } }, ""],

    "d3-array": ["d3-array@3.2.4", "", { "dependencies": { "internmap": "1 - 2" } }, ""],

    "d3-axis": ["d3-axis@3.0.0", "", {}, ""],

    "d3-brush": ["d3-brush@3.0.0", "", { "dependencies": { "d3-dispatch": "1 - 3", "d3-drag": "2 - 3", "d3-interpolate": "1 - 3", "d3-selection": "3", "d3-transition": "3" } }, ""],

    "d3-chord": ["d3-chord@3.0.1", "", { "dependencies": { "d3-path": "1 - 3" } }, ""],

    "d3-color": ["d3-color@3.1.0", "", {}, ""],

    "d3-contour": ["d3-contour@4.0.2", "", { "dependencies": { "d3-array": "^3.2.0" } }, ""],

    "d3-delaunay": ["d3-delaunay@6.0.4", "", { "dependencies": { "delaunator": "5" } }, ""],

    "d3-dispatch": ["d3-dispatch@3.0.1", "", {}, ""],

    "d3-drag": ["d3-drag@3.0.0", "", { "dependencies": { "d3-dispatch": "1 - 3", "d3-selection": "3" } }, ""],

    "d3-dsv": ["d3-dsv@3.0.1", "", { "dependencies": { "commander": "7", "iconv-lite": "0.6", "rw": "1" }, "bin": { "csv2json": "bin/dsv2json.js", "csv2tsv": "bin/dsv2dsv.js", "dsv2dsv": "bin/dsv2dsv.js", "dsv2json": "bin/dsv2json.js", "json2csv": "bin/json2dsv.js", "json2dsv": "bin/json2dsv.js", "json2tsv": "bin/json2dsv.js", "tsv2csv": "bin/dsv2dsv.js", "tsv2json": "bin/dsv2json.js" } }, ""],

    "d3-ease": ["d3-ease@3.0.1", "", {}, ""],

    "d3-fetch": ["d3-fetch@3.0.1", "", { "dependencies": { "d3-dsv": "1 - 3" } }, ""],

    "d3-force": ["d3-force@3.0.0", "", { "dependencies": { "d3-dispatch": "1 - 3", "d3-quadtree": "1 - 3", "d3-timer": "1 - 3" } }, ""],

    "d3-format": ["d3-format@3.1.0", "", {}, ""],

    "d3-geo": ["d3-geo@3.1.1", "", { "dependencies": { "d3-array": "2.5.0 - 3" } }, ""],

    "d3-hierarchy": ["d3-hierarchy@3.1.2", "", {}, ""],

    "d3-interpolate": ["d3-interpolate@3.0.1", "", { "dependencies": { "d3-color": "1 - 3" } }, ""],

    "d3-path": ["d3-path@3.1.0", "", {}, ""],

    "d3-polygon": ["d3-polygon@3.0.1", "", {}, ""],

    "d3-quadtree": ["d3-quadtree@3.0.1", "", {}, ""],

    "d3-random": ["d3-random@3.0.1", "", {}, ""],

    "d3-sankey": ["d3-sankey@0.12.3", "", { "dependencies": { "d3-array": "1 - 2", "d3-shape": "^1.2.0" } }, ""],

    "d3-scale": ["d3-scale@4.0.2", "", { "dependencies": { "d3-array": "2.10.0 - 3", "d3-format": "1 - 3", "d3-interpolate": "1.2.0 - 3", "d3-time": "2.1.1 - 3", "d3-time-format": "2 - 4" } }, ""],

    "d3-scale-chromatic": ["d3-scale-chromatic@3.1.0", "", { "dependencies": { "d3-color": "1 - 3", "d3-interpolate": "1 - 3" } }, ""],

    "d3-selection": ["d3-selection@3.0.0", "", {}, ""],

    "d3-shape": ["d3-shape@3.2.0", "", { "dependencies": { "d3-path": "^3.1.0" } }, ""],

    "d3-time": ["d3-time@3.1.0", "", { "dependencies": { "d3-array": "2 - 3" } }, ""],

    "d3-time-format": ["d3-time-format@4.1.0", "", { "dependencies": { "d3-time": "1 - 3" } }, ""],

    "d3-timer": ["d3-timer@3.0.1", "", {}, ""],

    "d3-transition": ["d3-transition@3.0.1", "", { "dependencies": { "d3-color": "1 - 3", "d3-dispatch": "1 - 3", "d3-ease": "1 - 3", "d3-interpolate": "1 - 3", "d3-timer": "1 - 3" }, "peerDependencies": { "d3-selection": "2 - 3" } }, ""],

    "d3-zoom": ["d3-zoom@3.0.0", "", { "dependencies": { "d3-dispatch": "1 - 3", "d3-drag": "2 - 3", "d3-interpolate": "1 - 3", "d3-selection": "2 - 3", "d3-transition": "2 - 3" } }, ""],

    "dagre-d3-es": ["dagre-d3-es@7.0.11", "", { "dependencies": { "d3": "^7.9.0", "lodash-es": "^4.17.21" } }, ""],

    "dayjs": ["dayjs@1.11.13", "", {}, ""],

    "debug": ["debug@4.4.3", "", { "dependencies": { "ms": "^2.1.3" } }, "sha512-RGwwWnwQvkVfavKVt22FGLw+xYSdzARwm0ru6DhTVA3umU5hZc28V3kO4stgYryrTlLpuvgI9GiijltAjNbcqA=="],

    "delaunator": ["delaunator@5.0.1", "", { "dependencies": { "robust-predicates": "^3.0.2" } }, ""],

    "dequal": ["dequal@2.0.3", "", {}, ""],

    "devlop": ["devlop@1.1.0", "", { "dependencies": { "dequal": "^2.0.0" } }, ""],

    "dompurify": ["dompurify@3.2.6", "", { "optionalDependencies": { "@types/trusted-types": "^2.0.7" } }, ""],

    "emoji-regex-xs": ["emoji-regex-xs@1.0.0", "", {}, ""],

    "entities": ["entities@4.5.0", "", {}, ""],

    "esbuild": ["esbuild@0.21.5", "", { "optionalDependencies": { "@esbuild/darwin-arm64": "0.21.5" }, "bin": "bin/esbuild" }, ""],

    "estree-walker": ["estree-walker@2.0.2", "", {}, ""],

    "exsolve": ["exsolve@1.0.7", "", {}, "sha512-VO5fQUzZtI6C+vx4w/4BWJpg3s/5l+6pRQEHzFRM8WFi4XffSP1Z+4qi7GbjWbvRQEbdIco5mIMq+zX4rPuLrw=="],

    "focus-trap": ["focus-trap@7.6.4", "", { "dependencies": { "tabbable": "^6.2.0" } }, ""],

    "fsevents": ["fsevents@2.3.3", "", { "os": "darwin" }, ""],

    "globals": ["globals@15.15.0", "", {}, "sha512-7ACyT3wmyp3I61S4fG682L0VA2RGD9otkqGJIwNUMF1SWUombIIk+af1unuDYgMm082aHYwD+mzJvv9Iu8dsgg=="],

    "hachure-fill": ["hachure-fill@0.5.2", "", {}, ""],

    "hast-util-to-html": ["hast-util-to-html@9.0.4", "", { "dependencies": { "@types/hast": "^3.0.0", "@types/unist": "^3.0.0", "ccount": "^2.0.0", "comma-separated-tokens": "^2.0.0", "hast-util-whitespace": "^3.0.0", "html-void-elements": "^3.0.0", "mdast-util-to-hast": "^13.0.0", "property-information": "^6.0.0", "space-separated-tokens": "^2.0.0", "stringify-entities": "^4.0.0", "zwitch": "^2.0.4" } }, ""],

    "hast-util-whitespace": ["hast-util-whitespace@3.0.0", "", { "dependencies": { "@types/hast": "^3.0.0" } }, ""],

    "hookable": ["hookable@5.5.3", "", {}, ""],

    "html-void-elements": ["html-void-elements@3.0.0", "", {}, ""],

    "iconv-lite": ["iconv-lite@0.6.3", "", { "dependencies": { "safer-buffer": ">= 2.1.2 < 3.0.0" } }, ""],

    "internmap": ["internmap@2.0.3", "", {}, ""],

    "is-what": ["is-what@4.1.16", "", {}, ""],

    "js-toml": ["js-toml@1.0.2", "", { "dependencies": { "chevrotain": "^11.0.3", "xregexp": "^5.1.1" } }, "sha512-/7IQ//bzn2a/5IDazPUNzlW7bsjxS51cxciYZDR+Z+3Le60yzT0YfI8KOWqTtBcZkXXVklhWd2OuGd8ZksB0wQ=="],

    "katex": ["katex@0.16.22", "", { "dependencies": { "commander": "^8.3.0" }, "bin": "cli.js" }, ""],

    "khroma": ["khroma@2.1.0", "", {}, ""],

    "kolorist": ["kolorist@1.8.0", "", {}, ""],

    "langium": ["langium@3.3.1", "", { "dependencies": { "chevrotain": "~11.0.3", "chevrotain-allstar": "~0.3.0", "vscode-languageserver": "~9.0.1", "vscode-languageserver-textdocument": "~1.0.11", "vscode-uri": "~3.0.8" } }, ""],

    "layout-base": ["layout-base@1.0.2", "", {}, ""],

    "linkify-it": ["linkify-it@5.0.0", "", { "dependencies": { "uc.micro": "^2.0.0" } }, ""],

    "local-pkg": ["local-pkg@1.1.2", "", { "dependencies": { "mlly": "^1.7.4", "pkg-types": "^2.3.0", "quansync": "^0.2.11" } }, "sha512-arhlxbFRmoQHl33a0Zkle/YWlmNwoyt6QNZEIJcqNbdrsix5Lvc4HyyI3EnwxTYlZYc32EbYrQ8SzEZ7dqgg9A=="],

    "lodash-es": ["lodash-es@4.17.21", "", {}, ""],

    "magic-string": ["magic-string@0.30.17", "", { "dependencies": { "@jridgewell/sourcemap-codec": "^1.5.0" } }, ""],

    "mark.js": ["mark.js@8.11.1", "", {}, ""],

    "markdown-it": ["markdown-it@14.1.0", "", { "dependencies": { "argparse": "^2.0.1", "entities": "^4.4.0", "linkify-it": "^5.0.0", "mdurl": "^2.0.0", "punycode.js": "^2.3.1", "uc.micro": "^2.1.0" }, "bin": "bin/markdown-it.mjs" }, ""],

    "marked": ["marked@15.0.12", "", { "bin": "bin/marked.js" }, ""],

    "mdast-util-to-hast": ["mdast-util-to-hast@13.2.0", "", { "dependencies": { "@types/hast": "^3.0.0", "@types/mdast": "^4.0.0", "@ungap/structured-clone": "^1.0.0", "devlop": "^1.0.0", "micromark-util-sanitize-uri": "^2.0.0", "trim-lines": "^3.0.0", "unist-util-position": "^5.0.0", "unist-util-visit": "^5.0.0", "vfile": "^6.0.0" } }, ""],

    "mdurl": ["mdurl@2.0.0", "", {}, ""],

    "mermaid": ["mermaid@11.8.1", "", { "dependencies": { "@braintree/sanitize-url": "^7.0.4", "@iconify/utils": "^2.1.33", "@mermaid-js/parser": "^0.6.1", "@types/d3": "^7.4.3", "cytoscape": "^3.29.3", "cytoscape-cose-bilkent": "^4.1.0", "cytoscape-fcose": "^2.2.0", "d3": "^7.9.0", "d3-sankey": "^0.12.3", "dagre-d3-es": "7.0.11", "dayjs": "^1.11.13", "dompurify": "^3.2.5", "katex": "^0.16.9", "khroma": "^2.1.0", "lodash-es": "^4.17.21", "marked": "^15.0.7", "roughjs": "^4.6.6", "stylis": "^4.3.6", "ts-dedent": "^2.2.0", "uuid": "^11.1.0" } }, ""],

    "micromark-util-character": ["micromark-util-character@2.1.1", "", { "dependencies": { "micromark-util-symbol": "^2.0.0", "micromark-util-types": "^2.0.0" } }, ""],

    "micromark-util-encode": ["micromark-util-encode@2.0.1", "", {}, ""],

    "micromark-util-sanitize-uri": ["micromark-util-sanitize-uri@2.0.1", "", { "dependencies": { "micromark-util-character": "^2.0.0", "micromark-util-encode": "^2.0.0", "micromark-util-symbol": "^2.0.0" } }, ""],

    "micromark-util-symbol": ["micromark-util-symbol@2.0.1", "", {}, ""],

    "micromark-util-types": ["micromark-util-types@2.0.1", "", {}, ""],

    "minisearch": ["minisearch@7.1.1", "", {}, ""],

    "mitt": ["mitt@3.0.1", "", {}, ""],

    "mlly": ["mlly@1.7.4", "", { "dependencies": { "acorn": "^8.14.0", "pathe": "^2.0.1", "pkg-types": "^1.3.0", "ufo": "^1.5.4" } }, ""],

    "ms": ["ms@2.1.3", "", {}, ""],

    "nanoid": ["nanoid@3.3.8", "", { "bin": "bin/nanoid.cjs" }, ""],

    "non-layered-tidy-tree-layout": ["non-layered-tidy-tree-layout@2.0.2", "", {}, ""],

    "oniguruma-to-es": ["oniguruma-to-es@3.1.0", "", { "dependencies": { "emoji-regex-xs": "^1.0.0", "regex": "^6.0.1", "regex-recursion": "^6.0.2" } }, ""],

    "package-manager-detector": ["package-manager-detector@1.5.0", "", {}, "sha512-uBj69dVlYe/+wxj8JOpr97XfsxH/eumMt6HqjNTmJDf/6NO9s+0uxeOneIz3AsPt2m6y9PqzDzd3ATcU17MNfw=="],

    "path-data-parser": ["path-data-parser@0.1.0", "", {}, ""],

    "pathe": ["pathe@2.0.2", "", {}, ""],

    "perfect-debounce": ["perfect-debounce@1.0.0", "", {}, ""],

    "picocolors": ["picocolors@1.1.1", "", {}, ""],

    "pkg-types": ["pkg-types@2.3.0", "", { "dependencies": { "confbox": "^0.2.2", "exsolve": "^1.0.7", "pathe": "^2.0.3" } }, "sha512-SIqCzDRg0s9npO5XQ3tNZioRY1uK06lA41ynBC1YmFTmnY6FjUjVt6s4LoADmwoig1qqD0oK8h1p/8mlMx8Oig=="],

    "points-on-curve": ["points-on-curve@0.2.0", "", {}, ""],

    "points-on-path": ["points-on-path@0.2.1", "", { "dependencies": { "path-data-parser": "0.1.0", "points-on-curve": "0.2.0" } }, ""],

    "postcss": ["postcss@8.5.1", "", { "dependencies": { "nanoid": "^3.3.8", "picocolors": "^1.1.1", "source-map-js": "^1.2.1" } }, ""],

    "preact": ["preact@10.25.4", "", {}, ""],

    "property-information": ["property-information@6.5.0", "", {}, ""],

    "punycode.js": ["punycode.js@2.3.1", "", {}, ""],

    "quansync": ["quansync@0.2.11", "", {}, "sha512-AifT7QEbW9Nri4tAwR5M/uzpBuqfZf+zwaEM/QkzEjj7NBuFD2rBuy0K3dE+8wltbezDV7JMA0WfnCPYRSYbXA=="],

    "regenerator-runtime": ["regenerator-runtime@0.14.1", "", {}, ""],

    "regex": ["regex@6.0.1", "", { "dependencies": { "regex-utilities": "^2.3.0" } }, ""],

    "regex-recursion": ["regex-recursion@6.0.2", "", { "dependencies": { "regex-utilities": "^2.3.0" } }, ""],

    "regex-utilities": ["regex-utilities@2.3.0", "", {}, ""],

    "rfdc": ["rfdc@1.4.1", "", {}, ""],

    "robust-predicates": ["robust-predicates@3.0.2", "", {}, ""],

    "rollup": ["rollup@4.34.4", "", { "dependencies": { "@types/estree": "1.0.6" }, "optionalDependencies": { "@rollup/rollup-darwin-arm64": "4.34.4", "fsevents": "~2.3.2" }, "bin": "dist/bin/rollup" }, ""],

    "roughjs": ["roughjs@4.6.6", "", { "dependencies": { "hachure-fill": "^0.5.2", "path-data-parser": "^0.1.0", "points-on-curve": "^0.2.0", "points-on-path": "^0.2.1" } }, ""],

    "rw": ["rw@1.3.3", "", {}, ""],

    "safer-buffer": ["safer-buffer@2.1.2", "", {}, ""],

    "search-insights": ["search-insights@2.17.3", "", {}, ""],

    "shiki": ["shiki@2.5.0", "", { "dependencies": { "@shikijs/core": "2.5.0", "@shikijs/engine-javascript": "2.5.0", "@shikijs/engine-oniguruma": "2.5.0", "@shikijs/langs": "2.5.0", "@shikijs/themes": "2.5.0", "@shikijs/types": "2.5.0", "@shikijs/vscode-textmate": "^10.0.2", "@types/hast": "^3.0.4" } }, "sha512-mI//trrsaiCIPsja5CNfsyNOqgAZUb6VpJA+340toL42UpzQlXpwRV9nch69X6gaUxrr9kaOOa6e3y3uAkGFxQ=="],

    "source-map-js": ["source-map-js@1.2.1", "", {}, ""],

    "space-separated-tokens": ["space-separated-tokens@2.0.2", "", {}, ""],

    "speakingurl": ["speakingurl@14.0.1", "", {}, ""],

    "stringify-entities": ["stringify-entities@4.0.4", "", { "dependencies": { "character-entities-html4": "^2.0.0", "character-entities-legacy": "^3.0.0" } }, ""],

    "stylis": ["stylis@4.3.6", "", {}, ""],

    "superjson": ["superjson@2.2.2", "", { "dependencies": { "copy-anything": "^3.0.2" } }, ""],

    "tabbable": ["tabbable@6.2.0", "", {}, ""],

    "tinyexec": ["tinyexec@1.0.1", "", {}, "sha512-5uC6DDlmeqiOwCPmK9jMSdOuZTh8bU39Ys6yidB+UTt5hfZUPGAypSgFRiEp+jbi9qH40BLDvy85jIU88wKSqw=="],

    "trim-lines": ["trim-lines@3.0.1", "", {}, ""],

    "ts-dedent": ["ts-dedent@2.2.0", "", {}, ""],

    "uc.micro": ["uc.micro@2.1.0", "", {}, ""],

    "ufo": ["ufo@1.5.4", "", {}, ""],

    "unist-util-is": ["unist-util-is@6.0.0", "", { "dependencies": { "@types/unist": "^3.0.0" } }, ""],

    "unist-util-position": ["unist-util-position@5.0.0", "", { "dependencies": { "@types/unist": "^3.0.0" } }, ""],

    "unist-util-stringify-position": ["unist-util-stringify-position@4.0.0", "", { "dependencies": { "@types/unist": "^3.0.0" } }, ""],

    "unist-util-visit": ["unist-util-visit@5.0.0", "", { "dependencies": { "@types/unist": "^3.0.0", "unist-util-is": "^6.0.0", "unist-util-visit-parents": "^6.0.0" } }, ""],

    "unist-util-visit-parents": ["unist-util-visit-parents@6.0.1", "", { "dependencies": { "@types/unist": "^3.0.0", "unist-util-is": "^6.0.0" } }, ""],

    "uuid": ["uuid@11.1.0", "", { "bin": "dist/esm/bin/uuid" }, ""],

    "vfile": ["vfile@6.0.3", "", { "dependencies": { "@types/unist": "^3.0.0", "vfile-message": "^4.0.0" } }, ""],

    "vfile-message": ["vfile-message@4.0.2", "", { "dependencies": { "@types/unist": "^3.0.0", "unist-util-stringify-position": "^4.0.0" } }, ""],

    "vite": ["vite@5.4.14", "", { "dependencies": { "esbuild": "^0.21.3", "postcss": "^8.4.43", "rollup": "^4.20.0" }, "optionalDependencies": { "fsevents": "~2.3.3" }, "peerDependencies": { "@types/node": "^18.0.0 || >=20.0.0", "less": "*", "lightningcss": "^1.21.0", "sass": "*", "sass-embedded": "*", "stylus": "*", "sugarss": "*", "terser": "^5.4.0" }, "optionalPeers": ["@types/node", "less", "lightningcss", "sass", "sass-embedded", "stylus", "sugarss", "terser"], "bin": "bin/vite.js" }, ""],

    "vitepress": ["vitepress@1.6.4", "", { "dependencies": { "@docsearch/css": "3.8.2", "@docsearch/js": "3.8.2", "@iconify-json/simple-icons": "^1.2.21", "@shikijs/core": "^2.1.0", "@shikijs/transformers": "^2.1.0", "@shikijs/types": "^2.1.0", "@types/markdown-it": "^14.1.2", "@vitejs/plugin-vue": "^5.2.1", "@vue/devtools-api": "^7.7.0", "@vue/shared": "^3.5.13", "@vueuse/core": "^12.4.0", "@vueuse/integrations": "^12.4.0", "focus-trap": "^7.6.4", "mark.js": "8.11.1", "minisearch": "^7.1.1", "shiki": "^2.1.0", "vite": "^5.4.14", "vue": "^3.5.13" }, "peerDependencies": { "markdown-it-mathjax3": "^4", "postcss": "^8" }, "optionalPeers": ["markdown-it-mathjax3"], "bin": "bin/vitepress.js" }, ""],

    "vitepress-plugin-group-icons": ["vitepress-plugin-group-icons@1.6.5", "", { "dependencies": { "@iconify-json/logos": "^1.2.9", "@iconify-json/vscode-icons": "^1.2.32", "@iconify/utils": "^3.0.2" }, "peerDependencies": { "vite": ">=3" }, "optionalPeers": ["vite"] }, "sha512-+pg4+GKDq2fLqKb1Sat5p1p4SuIZ5tEPxu8HjpwoeecZ/VaXKy6Bdf0wyjedjaTAyZQzXbvyavJegqAcQ+B0VA=="],

    "vitepress-plugin-mermaid": ["vitepress-plugin-mermaid@2.0.17", "", { "optionalDependencies": { "@mermaid-js/mermaid-mindmap": "^9.3.0" }, "peerDependencies": { "mermaid": "10 || 11", "vitepress": "^1.0.0 || ^1.0.0-alpha" } }, ""],

    "vitepress-plugin-tabs": ["vitepress-plugin-tabs@0.7.3", "", { "peerDependencies": { "vitepress": "^1.0.0", "vue": "^3.5.0" } }, "sha512-CkUz49UrTLcVOszuiHIA7ZBvfsg9RluRkFjRG1KvCg/NwuOTLZwcBRv7vBB3vMlDp0bWXIFOIwdI7bE93cV3Hw=="],

    "vscode-jsonrpc": ["vscode-jsonrpc@8.2.0", "", {}, ""],

    "vscode-languageserver": ["vscode-languageserver@9.0.1", "", { "dependencies": { "vscode-languageserver-protocol": "3.17.5" }, "bin": { "installServerIntoExtension": "bin/installServerIntoExtension" } }, ""],

    "vscode-languageserver-protocol": ["vscode-languageserver-protocol@3.17.5", "", { "dependencies": { "vscode-jsonrpc": "8.2.0", "vscode-languageserver-types": "3.17.5" } }, ""],

    "vscode-languageserver-textdocument": ["vscode-languageserver-textdocument@1.0.12", "", {}, ""],

    "vscode-languageserver-types": ["vscode-languageserver-types@3.17.5", "", {}, ""],

    "vscode-uri": ["vscode-uri@3.0.8", "", {}, ""],

    "vue": ["vue@3.5.13", "", { "dependencies": { "@vue/compiler-dom": "3.5.13", "@vue/compiler-sfc": "3.5.13", "@vue/runtime-dom": "3.5.13", "@vue/server-renderer": "3.5.13", "@vue/shared": "3.5.13" }, "peerDependencies": { "typescript": "*" }, "optionalPeers": ["typescript"] }, ""],

    "xregexp": ["xregexp@5.1.1", "", { "dependencies": { "@babel/runtime-corejs3": "^7.16.5" } }, ""],

    "zwitch": ["zwitch@2.0.4", "", {}, ""],

    "@shikijs/langs/@shikijs/types": ["@shikijs/types@2.5.0", "", { "dependencies": { "@shikijs/vscode-textmate": "^10.0.2", "@types/hast": "^3.0.4" } }, "sha512-ygl5yhxki9ZLNuNpPitBWvcy9fsSKKaRuO4BAlMyagszQidxcpLAr0qiW/q43DtSIDxO6hEbtYLiFZNXO/hdGw=="],

    "@shikijs/themes/@shikijs/types": ["@shikijs/types@2.5.0", "", { "dependencies": { "@shikijs/vscode-textmate": "^10.0.2", "@types/hast": "^3.0.4" } }, "sha512-ygl5yhxki9ZLNuNpPitBWvcy9fsSKKaRuO4BAlMyagszQidxcpLAr0qiW/q43DtSIDxO6hEbtYLiFZNXO/hdGw=="],

    "cytoscape-fcose/cose-base": ["cose-base@2.2.0", "", { "dependencies": { "layout-base": "^2.0.0" } }, ""],

    "d3-dsv/commander": ["commander@7.2.0", "", {}, ""],

    "d3-sankey/d3-array": ["d3-array@2.12.1", "", { "dependencies": { "internmap": "^1.0.0" } }, ""],

    "d3-sankey/d3-shape": ["d3-shape@1.3.7", "", { "dependencies": { "d3-path": "1" } }, ""],

    "mermaid/@braintree/sanitize-url": ["@braintree/sanitize-url@7.1.1", "", {}, ""],

    "mermaid/@iconify/utils": ["@iconify/utils@2.3.0", "", { "dependencies": { "@antfu/install-pkg": "^1.0.0", "@antfu/utils": "^8.1.0", "@iconify/types": "^2.0.0", "debug": "^4.4.0", "globals": "^15.14.0", "kolorist": "^1.8.0", "local-pkg": "^1.0.0", "mlly": "^1.7.4" } }, ""],

    "mlly/pkg-types": ["pkg-types@1.3.1", "", { "dependencies": { "confbox": "^0.1.8", "mlly": "^1.7.4", "pathe": "^2.0.1" } }, ""],

    "pkg-types/pathe": ["pathe@2.0.3", "", {}, "sha512-WUjGcAqP1gQacoQe+OBJsFA7Ld4DyXuUIjZ5cc75cLHvJ7dtNsTugphxIADwspS+AraAUePCKrSVtPLFj/F88w=="],

    "shiki/@shikijs/core": ["@shikijs/core@2.5.0", "", { "dependencies": { "@shikijs/engine-javascript": "2.5.0", "@shikijs/engine-oniguruma": "2.5.0", "@shikijs/types": "2.5.0", "@shikijs/vscode-textmate": "^10.0.2", "@types/hast": "^3.0.4", "hast-util-to-html": "^9.0.4" } }, "sha512-uu/8RExTKtavlpH7XqnVYBrfBkUc20ngXiX9NSrBhOVZYv/7XQRKUyhtkeflY5QsxC0GbJThCerruZfsUaSldg=="],

    "shiki/@shikijs/engine-javascript": ["@shikijs/engine-javascript@2.5.0", "", { "dependencies": { "@shikijs/types": "2.5.0", "@shikijs/vscode-textmate": "^10.0.2", "oniguruma-to-es": "^3.1.0" } }, "sha512-VjnOpnQf8WuCEZtNUdjjwGUbtAVKuZkVQ/5cHy/tojVVRIRtlWMYVjyWhxOmIq05AlSOv72z7hRNRGVBgQOl0w=="],

    "shiki/@shikijs/engine-oniguruma": ["@shikijs/engine-oniguruma@2.5.0", "", { "dependencies": { "@shikijs/types": "2.5.0", "@shikijs/vscode-textmate": "^10.0.2" } }, "sha512-pGd1wRATzbo/uatrCIILlAdFVKdxImWJGQ5rFiB5VZi2ve5xj3Ax9jny8QvkaV93btQEwR/rSz5ERFpC5mKNIw=="],

    "shiki/@shikijs/types": ["@shikijs/types@2.5.0", "", { "dependencies": { "@shikijs/vscode-textmate": "^10.0.2", "@types/hast": "^3.0.4" } }, "sha512-ygl5yhxki9ZLNuNpPitBWvcy9fsSKKaRuO4BAlMyagszQidxcpLAr0qiW/q43DtSIDxO6hEbtYLiFZNXO/hdGw=="],

    "cytoscape-fcose/cose-base/layout-base": ["layout-base@2.0.1", "", {}, ""],

    "d3-sankey/d3-array/internmap": ["internmap@1.0.1", "", {}, ""],

    "d3-sankey/d3-shape/d3-path": ["d3-path@1.0.9", "", {}, ""],

    "mermaid/@iconify/utils/@antfu/install-pkg": ["@antfu/install-pkg@1.0.0", "", { "dependencies": { "package-manager-detector": "^0.2.8", "tinyexec": "^0.3.2" } }, ""],

    "mermaid/@iconify/utils/@antfu/utils": ["@antfu/utils@8.1.0", "", {}, ""],

    "mermaid/@iconify/utils/debug": ["debug@4.4.0", "", { "dependencies": { "ms": "^2.1.3" } }, ""],

    "mermaid/@iconify/utils/globals": ["globals@15.14.0", "", {}, ""],

    "mermaid/@iconify/utils/local-pkg": ["local-pkg@1.0.0", "", { "dependencies": { "mlly": "^1.7.3", "pkg-types": "^1.3.0" } }, ""],

    "mlly/pkg-types/confbox": ["confbox@0.1.8", "", {}, ""],

    "mermaid/@iconify/utils/@antfu/install-pkg/package-manager-detector": ["package-manager-detector@0.2.9", "", {}, ""],

    "mermaid/@iconify/utils/@antfu/install-pkg/tinyexec": ["tinyexec@0.3.2", "", {}, ""],

    "mermaid/@iconify/utils/local-pkg/pkg-types": ["pkg-types@1.3.1", "", { "dependencies": { "confbox": "^0.1.8", "mlly": "^1.7.4", "pathe": "^2.0.1" } }, ""],

    "mermaid/@iconify/utils/local-pkg/pkg-types/confbox": ["confbox@0.1.8", "", {}, ""],
  }
}
