{
  "name": "@mise/docs",
  "lockfileVersion": 3,
  "requires": true,
  "packages": {
    "": {
      "name": "@mise/docs",
      "dependencies": {
        "@types/markdown-it": "^14.1.2",
        "@types/node": "^22.7.0",
        "markdown-it": "^14.1.0",
        "toml": "^3.0.0"
      },
      "devDependencies": {
        "vitepress": "1.3.4"
      }
    },
    "node_modules/@algolia/autocomplete-core": {
      "version": "1.9.3",
      "dev": true,
      "license": "MIT",
      "dependencies": {
        "@algolia/autocomplete-plugin-algolia-insights": "1.9.3",
        "@algolia/autocomplete-shared": "1.9.3"
      }
    },
    "node_modules/@algolia/autocomplete-plugin-algolia-insights": {
      "version": "1.9.3",
      "dev": true,
      "license": "MIT",
      "dependencies": {
        "@algolia/autocomplete-shared": "1.9.3"
      },
      "peerDependencies": {
        "search-insights": ">= 1 < 3"
      }
    },
    "node_modules/@algolia/autocomplete-preset-algolia": {
      "version": "1.9.3",
      "dev": true,
      "license": "MIT",
      "dependencies": {
        "@algolia/autocomplete-shared": "1.9.3"
      },
      "peerDependencies": {
        "@algolia/client-search": ">= 4.9.1 < 6",
        "algoliasearch": ">= 4.9.1 < 6"
      }
    },
    "node_modules/@algolia/autocomplete-shared": {
      "version": "1.9.3",
      "dev": true,
      "license": "MIT",
      "peerDependencies": {
        "@algolia/client-search": ">= 4.9.1 < 6",
        "algoliasearch": ">= 4.9.1 < 6"
      }
    },
    "node_modules/@algolia/cache-browser-local-storage": {
      "version": "4.22.1",
      "dev": true,
      "license": "MIT",
      "dependencies": {
        "@algolia/cache-common": "4.22.1"
      }
    },
    "node_modules/@algolia/cache-common": {
      "version": "4.22.1",
      "dev": true,
      "license": "MIT"
    },
    "node_modules/@algolia/cache-in-memory": {
      "version": "4.22.1",
      "dev": true,
      "license": "MIT",
      "dependencies": {
        "@algolia/cache-common": "4.22.1"
      }
    },
    "node_modules/@algolia/client-account": {
      "version": "4.22.1",
      "dev": true,
      "license": "MIT",
      "dependencies": {
        "@algolia/client-common": "4.22.1",
        "@algolia/client-search": "4.22.1",
        "@algolia/transporter": "4.22.1"
      }
    },
    "node_modules/@algolia/client-analytics": {
      "version": "4.22.1",
      "dev": true,
      "license": "MIT",
      "dependencies": {
        "@algolia/client-common": "4.22.1",
        "@algolia/client-search": "4.22.1",
        "@algolia/requester-common": "4.22.1",
        "@algolia/transporter": "4.22.1"
      }
    },
    "node_modules/@algolia/client-common": {
      "version": "4.22.1",
      "dev": true,
      "license": "MIT",
      "dependencies": {
        "@algolia/requester-common": "4.22.1",
        "@algolia/transporter": "4.22.1"
      }
    },
    "node_modules/@algolia/client-personalization": {
      "version": "4.22.1",
      "dev": true,
      "license": "MIT",
      "dependencies": {
        "@algolia/client-common": "4.22.1",
        "@algolia/requester-common": "4.22.1",
        "@algolia/transporter": "4.22.1"
      }
    },
    "node_modules/@algolia/client-search": {
      "version": "4.22.1",
      "dev": true,
      "license": "MIT",
      "dependencies": {
        "@algolia/client-common": "4.22.1",
        "@algolia/requester-common": "4.22.1",
        "@algolia/transporter": "4.22.1"
      }
    },
    "node_modules/@algolia/logger-common": {
      "version": "4.22.1",
      "dev": true,
      "license": "MIT"
    },
    "node_modules/@algolia/logger-console": {
      "version": "4.22.1",
      "dev": true,
      "license": "MIT",
      "dependencies": {
        "@algolia/logger-common": "4.22.1"
      }
    },
    "node_modules/@algolia/requester-browser-xhr": {
      "version": "4.22.1",
      "dev": true,
      "license": "MIT",
      "dependencies": {
        "@algolia/requester-common": "4.22.1"
      }
    },
    "node_modules/@algolia/requester-common": {
      "version": "4.22.1",
      "dev": true,
      "license": "MIT"
    },
    "node_modules/@algolia/requester-node-http": {
      "version": "4.22.1",
      "dev": true,
      "license": "MIT",
      "dependencies": {
        "@algolia/requester-common": "4.22.1"
      }
    },
    "node_modules/@algolia/transporter": {
      "version": "4.22.1",
      "dev": true,
      "license": "MIT",
      "dependencies": {
        "@algolia/cache-common": "4.22.1",
        "@algolia/logger-common": "4.22.1",
        "@algolia/requester-common": "4.22.1"
      }
    },
    "node_modules/@babel/parser": {
      "version": "7.24.7",
      "dev": true,
      "license": "MIT",
      "bin": {
        "parser": "bin/babel-parser.js"
      },
      "engines": {
        "node": ">=6.0.0"
      }
    },
    "node_modules/@docsearch/css": {
      "version": "3.6.1",
      "dev": true,
      "license": "MIT"
    },
    "node_modules/@docsearch/js": {
      "version": "3.6.1",
      "dev": true,
      "license": "MIT",
      "dependencies": {
        "@docsearch/react": "3.6.1",
        "preact": "^10.0.0"
      }
    },
    "node_modules/@docsearch/react": {
      "version": "3.6.1",
      "dev": true,
      "license": "MIT",
      "dependencies": {
        "@algolia/autocomplete-core": "1.9.3",
        "@algolia/autocomplete-preset-algolia": "1.9.3",
        "@docsearch/css": "3.6.1",
        "algoliasearch": "^4.19.1"
      },
      "peerDependencies": {
        "@types/react": ">= 16.8.0 < 19.0.0",
        "react": ">= 16.8.0 < 19.0.0",
        "react-dom": ">= 16.8.0 < 19.0.0",
        "search-insights": ">= 1 < 3"
      },
      "peerDependenciesMeta": {
        "@types/react": {
          "optional": true
        },
        "react": {
          "optional": true
        },
        "react-dom": {
          "optional": true
        },
        "search-insights": {
          "optional": true
        }
      }
    },
    "node_modules/@esbuild/darwin-arm64": {
      "version": "0.21.5",
      "cpu": [
        "arm64"
      ],
      "dev": true,
      "license": "MIT",
      "optional": true,
      "os": [
        "darwin"
      ],
      "engines": {
        "node": ">=12"
      }
    },
    "node_modules/@jridgewell/sourcemap-codec": {
      "version": "1.4.15",
      "dev": true,
      "license": "MIT"
    },
    "node_modules/@rollup/rollup-darwin-arm64": {
      "version": "4.13.0",
      "cpu": [
        "arm64"
      ],
      "dev": true,
      "license": "MIT",
      "optional": true,
      "os": [
        "darwin"
      ]
    },
    "node_modules/@shikijs/core": {
      "version": "1.14.1",
      "dev": true,
      "license": "MIT",
      "dependencies": {
        "@types/hast": "^3.0.4"
      }
    },
    "node_modules/@shikijs/transformers": {
      "version": "1.14.1",
      "dev": true,
      "license": "MIT",
      "dependencies": {
        "shiki": "1.14.1"
      }
    },
    "node_modules/@types/estree": {
      "version": "1.0.5",
      "dev": true,
      "license": "MIT"
    },
    "node_modules/@types/hast": {
      "version": "3.0.4",
      "dev": true,
      "license": "MIT",
      "dependencies": {
        "@types/unist": "*"
      }
    },
    "node_modules/@types/linkify-it": {
      "version": "5.0.0",
      "license": "MIT"
    },
    "node_modules/@types/markdown-it": {
      "version": "14.1.2",
      "license": "MIT",
      "dependencies": {
        "@types/linkify-it": "^5",
        "@types/mdurl": "^2"
      }
    },
    "node_modules/@types/mdurl": {
      "version": "2.0.0",
      "license": "MIT"
    },
    "node_modules/@types/node": {
      "version": "22.7.0",
      "license": "MIT",
      "dependencies": {
        "undici-types": "~6.19.2"
      }
    },
    "node_modules/@types/unist": {
      "version": "3.0.2",
      "dev": true,
      "license": "MIT"
    },
    "node_modules/@types/web-bluetooth": {
      "version": "0.0.20",
      "dev": true,
      "license": "MIT"
    },
    "node_modules/@vitejs/plugin-vue": {
      "version": "5.1.2",
      "dev": true,
      "license": "MIT",
      "engines": {
        "node": "^18.0.0 || >=20.0.0"
      },
      "peerDependencies": {
        "vite": "^5.0.0",
        "vue": "^3.2.25"
      }
    },
    "node_modules/@vue/compiler-core": {
      "version": "3.4.38",
      "dev": true,
      "license": "MIT",
      "dependencies": {
        "@babel/parser": "^7.24.7",
        "@vue/shared": "3.4.38",
        "entities": "^4.5.0",
        "estree-walker": "^2.0.2",
        "source-map-js": "^1.2.0"
      }
    },
    "node_modules/@vue/compiler-dom": {
      "version": "3.4.38",
      "dev": true,
      "license": "MIT",
      "dependencies": {
        "@vue/compiler-core": "3.4.38",
        "@vue/shared": "3.4.38"
      }
    },
    "node_modules/@vue/compiler-sfc": {
      "version": "3.4.38",
      "dev": true,
      "license": "MIT",
      "dependencies": {
        "@babel/parser": "^7.24.7",
        "@vue/compiler-core": "3.4.38",
        "@vue/compiler-dom": "3.4.38",
        "@vue/compiler-ssr": "3.4.38",
        "@vue/shared": "3.4.38",
        "estree-walker": "^2.0.2",
        "magic-string": "^0.30.10",
        "postcss": "^8.4.40",
        "source-map-js": "^1.2.0"
      }
    },
    "node_modules/@vue/compiler-ssr": {
      "version": "3.4.38",
      "dev": true,
      "license": "MIT",
      "dependencies": {
        "@vue/compiler-dom": "3.4.38",
        "@vue/shared": "3.4.38"
      }
    },
    "node_modules/@vue/devtools-api": {
      "version": "7.3.8",
      "dev": true,
      "license": "MIT",
      "dependencies": {
        "@vue/devtools-kit": "^7.3.8"
      }
    },
    "node_modules/@vue/devtools-kit": {
      "version": "7.3.8",
      "dev": true,
      "license": "MIT",
      "dependencies": {
        "@vue/devtools-shared": "^7.3.8",
        "birpc": "^0.2.17",
        "hookable": "^5.5.3",
        "mitt": "^3.0.1",
        "perfect-debounce": "^1.0.0",
        "speakingurl": "^14.0.1",
        "superjson": "^2.2.1"
      }
    },
    "node_modules/@vue/devtools-shared": {
      "version": "7.3.8",
      "dev": true,
      "license": "MIT",
      "dependencies": {
        "rfdc": "^1.4.1"
      }
    },
    "node_modules/@vue/reactivity": {
      "version": "3.4.38",
      "dev": true,
      "license": "MIT",
      "dependencies": {
        "@vue/shared": "3.4.38"
      }
    },
    "node_modules/@vue/runtime-core": {
      "version": "3.4.38",
      "dev": true,
      "license": "MIT",
      "dependencies": {
        "@vue/reactivity": "3.4.38",
        "@vue/shared": "3.4.38"
      }
    },
    "node_modules/@vue/runtime-dom": {
      "version": "3.4.38",
      "dev": true,
      "license": "MIT",
      "dependencies": {
        "@vue/reactivity": "3.4.38",
        "@vue/runtime-core": "3.4.38",
        "@vue/shared": "3.4.38",
        "csstype": "^3.1.3"
      }
    },
    "node_modules/@vue/server-renderer": {
      "version": "3.4.38",
      "dev": true,
      "license": "MIT",
      "dependencies": {
        "@vue/compiler-ssr": "3.4.38",
        "@vue/shared": "3.4.38"
      },
      "peerDependencies": {
        "vue": "3.4.38"
      }
    },
    "node_modules/@vue/shared": {
      "version": "3.4.38",
      "dev": true,
      "license": "MIT"
    },
    "node_modules/@vueuse/core": {
      "version": "11.0.0",
      "dev": true,
      "license": "MIT",
      "dependencies": {
        "@types/web-bluetooth": "^0.0.20",
        "@vueuse/metadata": "11.0.0",
        "@vueuse/shared": "11.0.0",
        "vue-demi": ">=0.14.10"
      },
      "funding": {
        "url": "https://github.com/sponsors/antfu"
      }
    },
    "node_modules/@vueuse/integrations": {
      "version": "11.0.0",
      "dev": true,
      "license": "MIT",
      "dependencies": {
        "@vueuse/core": "11.0.0",
        "@vueuse/shared": "11.0.0",
        "vue-demi": ">=0.14.10"
      },
      "funding": {
        "url": "https://github.com/sponsors/antfu"
      },
      "peerDependencies": {
        "async-validator": "^4",
        "axios": "^1",
        "change-case": "^5",
        "drauu": "^0.4",
        "focus-trap": "^7",
        "fuse.js": "^7",
        "idb-keyval": "^6",
        "jwt-decode": "^4",
        "nprogress": "^0.2",
        "qrcode": "^1.5",
        "sortablejs": "^1",
        "universal-cookie": "^7"
      },
      "peerDependenciesMeta": {
        "async-validator": {
          "optional": true
        },
        "axios": {
          "optional": true
        },
        "change-case": {
          "optional": true
        },
        "drauu": {
          "optional": true
        },
        "focus-trap": {
          "optional": true
        },
        "fuse.js": {
          "optional": true
        },
        "idb-keyval": {
          "optional": true
        },
        "jwt-decode": {
          "optional": true
        },
        "nprogress": {
          "optional": true
        },
        "qrcode": {
          "optional": true
        },
        "sortablejs": {
          "optional": true
        },
        "universal-cookie": {
          "optional": true
        }
      }
    },
    "node_modules/@vueuse/metadata": {
      "version": "11.0.0",
      "dev": true,
      "license": "MIT",
      "funding": {
        "url": "https://github.com/sponsors/antfu"
      }
    },
    "node_modules/@vueuse/shared": {
      "version": "11.0.0",
      "dev": true,
      "license": "MIT",
      "dependencies": {
        "vue-demi": ">=0.14.10"
      },
      "funding": {
        "url": "https://github.com/sponsors/antfu"
      }
    },
    "node_modules/algoliasearch": {
      "version": "4.22.1",
      "dev": true,
      "license": "MIT",
      "dependencies": {
        "@algolia/cache-browser-local-storage": "4.22.1",
        "@algolia/cache-common": "4.22.1",
        "@algolia/cache-in-memory": "4.22.1",
        "@algolia/client-account": "4.22.1",
        "@algolia/client-analytics": "4.22.1",
        "@algolia/client-common": "4.22.1",
        "@algolia/client-personalization": "4.22.1",
        "@algolia/client-search": "4.22.1",
        "@algolia/logger-common": "4.22.1",
        "@algolia/logger-console": "4.22.1",
        "@algolia/requester-browser-xhr": "4.22.1",
        "@algolia/requester-common": "4.22.1",
        "@algolia/requester-node-http": "4.22.1",
        "@algolia/transporter": "4.22.1"
      }
    },
    "node_modules/argparse": {
      "version": "2.0.1",
      "license": "Python-2.0"
    },
    "node_modules/birpc": {
      "version": "0.2.17",
      "dev": true,
      "license": "MIT",
      "funding": {
        "url": "https://github.com/sponsors/antfu"
      }
    },
    "node_modules/copy-anything": {
      "version": "3.0.5",
      "dev": true,
      "license": "MIT",
      "dependencies": {
        "is-what": "^4.1.8"
      },
      "engines": {
        "node": ">=12.13"
      },
      "funding": {
        "url": "https://github.com/sponsors/mesqueeb"
      }
    },
    "node_modules/csstype": {
      "version": "3.1.3",
      "dev": true,
      "license": "MIT"
    },
    "node_modules/entities": {
      "version": "4.5.0",
      "license": "BSD-2-Clause",
      "engines": {
        "node": ">=0.12"
      },
      "funding": {
        "url": "https://github.com/fb55/entities?sponsor=1"
      }
    },
    "node_modules/esbuild": {
      "version": "0.21.5",
      "dev": true,
      "hasInstallScript": true,
      "license": "MIT",
      "bin": {
        "esbuild": "bin/esbuild"
      },
      "engines": {
        "node": ">=12"
      },
      "optionalDependencies": {
        "@esbuild/aix-ppc64": "0.21.5",
        "@esbuild/android-arm": "0.21.5",
        "@esbuild/android-arm64": "0.21.5",
        "@esbuild/android-x64": "0.21.5",
        "@esbuild/darwin-arm64": "0.21.5",
        "@esbuild/darwin-x64": "0.21.5",
        "@esbuild/freebsd-arm64": "0.21.5",
        "@esbuild/freebsd-x64": "0.21.5",
        "@esbuild/linux-arm": "0.21.5",
        "@esbuild/linux-arm64": "0.21.5",
        "@esbuild/linux-ia32": "0.21.5",
        "@esbuild/linux-loong64": "0.21.5",
        "@esbuild/linux-mips64el": "0.21.5",
        "@esbuild/linux-ppc64": "0.21.5",
        "@esbuild/linux-riscv64": "0.21.5",
        "@esbuild/linux-s390x": "0.21.5",
        "@esbuild/linux-x64": "0.21.5",
        "@esbuild/netbsd-x64": "0.21.5",
        "@esbuild/openbsd-x64": "0.21.5",
        "@esbuild/sunos-x64": "0.21.5",
        "@esbuild/win32-arm64": "0.21.5",
        "@esbuild/win32-ia32": "0.21.5",
        "@esbuild/win32-x64": "0.21.5"
      }
    },
    "node_modules/estree-walker": {
      "version": "2.0.2",
      "dev": true,
      "license": "MIT"
    },
    "node_modules/focus-trap": {
      "version": "7.5.4",
      "dev": true,
      "license": "MIT",
      "dependencies": {
        "tabbable": "^6.2.0"
      }
    },
    "node_modules/fsevents": {
      "version": "2.3.3",
      "dev": true,
      "license": "MIT",
      "optional": true,
      "os": [
        "darwin"
      ],
      "engines": {
        "node": "^8.16.0 || ^10.6.0 || >=11.0.0"
      }
    },
    "node_modules/hookable": {
      "version": "5.5.3",
      "dev": true,
      "license": "MIT"
    },
    "node_modules/is-what": {
      "version": "4.1.16",
      "dev": true,
      "license": "MIT",
      "engines": {
        "node": ">=12.13"
      },
      "funding": {
        "url": "https://github.com/sponsors/mesqueeb"
      }
    },
    "node_modules/linkify-it": {
      "version": "5.0.0",
      "license": "MIT",
      "dependencies": {
        "uc.micro": "^2.0.0"
      }
    },
    "node_modules/magic-string": {
      "version": "0.30.10",
      "dev": true,
      "license": "MIT",
      "dependencies": {
        "@jridgewell/sourcemap-codec": "^1.4.15"
      }
    },
    "node_modules/mark.js": {
      "version": "8.11.1",
      "dev": true,
      "license": "MIT"
    },
    "node_modules/markdown-it": {
      "version": "14.1.0",
      "license": "MIT",
      "dependencies": {
        "argparse": "^2.0.1",
        "entities": "^4.4.0",
        "linkify-it": "^5.0.0",
        "mdurl": "^2.0.0",
        "punycode.js": "^2.3.1",
        "uc.micro": "^2.1.0"
      },
      "bin": {
        "markdown-it": "bin/markdown-it.mjs"
      }
    },
    "node_modules/mdurl": {
      "version": "2.0.0",
      "license": "MIT"
    },
    "node_modules/minisearch": {
      "version": "7.1.0",
      "dev": true,
      "license": "MIT"
    },
    "node_modules/mitt": {
      "version": "3.0.1",
      "dev": true,
      "license": "MIT"
    },
    "node_modules/nanoid": {
      "version": "3.3.7",
      "dev": true,
      "funding": [
        {
          "type": "github",
          "url": "https://github.com/sponsors/ai"
        }
      ],
      "license": "MIT",
      "bin": {
        "nanoid": "bin/nanoid.cjs"
      },
      "engines": {
        "node": "^10 || ^12 || ^13.7 || ^14 || >=15.0.1"
      }
    },
    "node_modules/perfect-debounce": {
      "version": "1.0.0",
      "dev": true,
      "license": "MIT"
    },
    "node_modules/picocolors": {
      "version": "1.0.1",
      "dev": true,
      "license": "ISC"
    },
    "node_modules/postcss": {
      "version": "8.4.41",
      "dev": true,
      "funding": [
        {
          "type": "opencollective",
          "url": "https://opencollective.com/postcss/"
        },
        {
          "type": "tidelift",
          "url": "https://tidelift.com/funding/github/npm/postcss"
        },
        {
          "type": "github",
          "url": "https://github.com/sponsors/ai"
        }
      ],
      "license": "MIT",
      "dependencies": {
        "nanoid": "^3.3.7",
        "picocolors": "^1.0.1",
        "source-map-js": "^1.2.0"
      },
      "engines": {
        "node": "^10 || ^12 || >=14"
      }
    },
    "node_modules/preact": {
      "version": "10.19.3",
      "dev": true,
      "license": "MIT",
      "funding": {
        "type": "opencollective",
        "url": "https://opencollective.com/preact"
      }
    },
    "node_modules/punycode.js": {
      "version": "2.3.1",
      "license": "MIT",
      "engines": {
        "node": ">=6"
      }
    },
    "node_modules/rfdc": {
      "version": "1.4.1",
      "dev": true,
      "license": "MIT"
    },
    "node_modules/rollup": {
      "version": "4.13.0",
      "dev": true,
      "license": "MIT",
      "dependencies": {
        "@types/estree": "1.0.5"
      },
      "bin": {
        "rollup": "dist/bin/rollup"
      },
      "engines": {
        "node": ">=18.0.0",
        "npm": ">=8.0.0"
      },
      "optionalDependencies": {
        "@rollup/rollup-android-arm-eabi": "4.13.0",
        "@rollup/rollup-android-arm64": "4.13.0",
        "@rollup/rollup-darwin-arm64": "4.13.0",
        "@rollup/rollup-darwin-x64": "4.13.0",
        "@rollup/rollup-linux-arm-gnueabihf": "4.13.0",
        "@rollup/rollup-linux-arm64-gnu": "4.13.0",
        "@rollup/rollup-linux-arm64-musl": "4.13.0",
        "@rollup/rollup-linux-riscv64-gnu": "4.13.0",
        "@rollup/rollup-linux-x64-gnu": "4.13.0",
        "@rollup/rollup-linux-x64-musl": "4.13.0",
        "@rollup/rollup-win32-arm64-msvc": "4.13.0",
        "@rollup/rollup-win32-ia32-msvc": "4.13.0",
        "@rollup/rollup-win32-x64-msvc": "4.13.0",
        "fsevents": "~2.3.2"
      }
    },
    "node_modules/search-insights": {
      "version": "2.13.0",
      "dev": true,
      "license": "MIT",
      "peer": true
    },
    "node_modules/shiki": {
      "version": "1.14.1",
      "dev": true,
      "license": "MIT",
      "dependencies": {
        "@shikijs/core": "1.14.1",
        "@types/hast": "^3.0.4"
      }
    },
    "node_modules/source-map-js": {
      "version": "1.2.0",
      "dev": true,
      "license": "BSD-3-Clause",
      "engines": {
        "node": ">=0.10.0"
      }
    },
    "node_modules/speakingurl": {
      "version": "14.0.1",
      "dev": true,
      "license": "BSD-3-Clause",
      "engines": {
        "node": ">=0.10.0"
      }
    },
    "node_modules/superjson": {
      "version": "2.2.1",
      "dev": true,
      "license": "MIT",
      "dependencies": {
        "copy-anything": "^3.0.2"
      },
      "engines": {
        "node": ">=16"
      }
    },
    "node_modules/tabbable": {
      "version": "6.2.0",
      "dev": true,
      "license": "MIT"
    },
    "node_modules/toml": {
      "version": "3.0.0",
      "license": "MIT"
    },
    "node_modules/uc.micro": {
      "version": "2.1.0",
      "license": "MIT"
    },
    "node_modules/undici-types": {
      "version": "6.19.8",
      "license": "MIT"
    },
    "node_modules/vite": {
      "version": "5.4.1",
      "dev": true,
      "license": "MIT",
      "dependencies": {
        "esbuild": "^0.21.3",
        "postcss": "^8.4.41",
        "rollup": "^4.13.0"
      },
      "bin": {
        "vite": "bin/vite.js"
      },
      "engines": {
        "node": "^18.0.0 || >=20.0.0"
      },
      "funding": {
        "url": "https://github.com/vitejs/vite?sponsor=1"
      },
      "optionalDependencies": {
        "fsevents": "~2.3.3"
      },
      "peerDependencies": {
        "@types/node": "^18.0.0 || >=20.0.0",
        "less": "*",
        "lightningcss": "^1.21.0",
        "sass": "*",
        "sass-embedded": "*",
        "stylus": "*",
        "sugarss": "*",
        "terser": "^5.4.0"
      },
      "peerDependenciesMeta": {
        "@types/node": {
          "optional": true
        },
        "less": {
          "optional": true
        },
        "lightningcss": {
          "optional": true
        },
        "sass": {
          "optional": true
        },
        "sass-embedded": {
          "optional": true
        },
        "stylus": {
          "optional": true
        },
        "sugarss": {
          "optional": true
        },
        "terser": {
          "optional": true
        }
      }
    },
    "node_modules/vitepress": {
      "version": "1.3.4",
      "dev": true,
      "license": "MIT",
      "dependencies": {
        "@docsearch/css": "^3.6.1",
        "@docsearch/js": "^3.6.1",
        "@shikijs/core": "^1.13.0",
        "@shikijs/transformers": "^1.13.0",
        "@types/markdown-it": "^14.1.2",
        "@vitejs/plugin-vue": "^5.1.2",
        "@vue/devtools-api": "^7.3.8",
        "@vue/shared": "^3.4.38",
        "@vueuse/core": "^11.0.0",
        "@vueuse/integrations": "^11.0.0",
        "focus-trap": "^7.5.4",
        "mark.js": "8.11.1",
        "minisearch": "^7.1.0",
        "shiki": "^1.13.0",
        "vite": "^5.4.1",
        "vue": "^3.4.38"
      },
      "bin": {
        "vitepress": "bin/vitepress.js"
      },
      "peerDependencies": {
        "markdown-it-mathjax3": "^4",
        "postcss": "^8"
      },
      "peerDependenciesMeta": {
        "markdown-it-mathjax3": {
          "optional": true
        },
        "postcss": {
          "optional": true
        }
      }
    },
    "node_modules/vue": {
      "version": "3.4.38",
      "dev": true,
      "license": "MIT",
      "dependencies": {
        "@vue/compiler-dom": "3.4.38",
        "@vue/compiler-sfc": "3.4.38",
        "@vue/runtime-dom": "3.4.38",
        "@vue/server-renderer": "3.4.38",
        "@vue/shared": "3.4.38"
      },
      "peerDependencies": {
        "typescript": "*"
      },
      "peerDependenciesMeta": {
        "typescript": {
          "optional": true
        }
      }
    },
    "node_modules/vue-demi": {
      "version": "0.14.10",
      "dev": true,
      "hasInstallScript": true,
      "license": "MIT",
      "bin": {
        "vue-demi-fix": "bin/vue-demi-fix.js",
        "vue-demi-switch": "bin/vue-demi-switch.js"
      },
      "engines": {
        "node": ">=12"
      },
      "funding": {
        "url": "https://github.com/sponsors/antfu"
      },
      "peerDependencies": {
        "@vue/composition-api": "^1.0.0-rc.1",
        "vue": "^3.0.0-0 || ^2.6.0"
      },
      "peerDependenciesMeta": {
        "@vue/composition-api": {
          "optional": true
        }
      }
    }
  }
}
