# @generated - this file is auto-generated by `mise lock` https://mise.en.dev/dev-tools/mise-lock.html

[[tools.cargo-binstall]]
version = "1.19.0"
backend = "aqua:cargo-bins/cargo-binstall"

[tools.cargo-binstall."platforms.linux-arm64"]
checksum = "sha256:57148539e6160789715745e6f50e0aac9193636df42bd9b4554cd9012195866c"
url = "https://github.com/cargo-bins/cargo-binstall/releases/download/v1.19.0/cargo-binstall-aarch64-unknown-linux-musl.tgz"

[tools.cargo-binstall."platforms.linux-arm64-musl"]
checksum = "sha256:57148539e6160789715745e6f50e0aac9193636df42bd9b4554cd9012195866c"
url = "https://github.com/cargo-bins/cargo-binstall/releases/download/v1.19.0/cargo-binstall-aarch64-unknown-linux-musl.tgz"

[tools.cargo-binstall."platforms.linux-x64"]
checksum = "sha256:a7a4271099ce891368bc544d3f89315f12547df653ba16de2030461e8867edd6"
url = "https://github.com/cargo-bins/cargo-binstall/releases/download/v1.19.0/cargo-binstall-x86_64-unknown-linux-musl.tgz"

[tools.cargo-binstall."platforms.linux-x64-musl"]
checksum = "sha256:a7a4271099ce891368bc544d3f89315f12547df653ba16de2030461e8867edd6"
url = "https://github.com/cargo-bins/cargo-binstall/releases/download/v1.19.0/cargo-binstall-x86_64-unknown-linux-musl.tgz"

[tools.cargo-binstall."platforms.macos-arm64"]
checksum = "sha256:1208282e0719ae33fc1db20fe533a50827673d017fb85ed5dec0cb9b0c7ca569"
url = "https://github.com/cargo-bins/cargo-binstall/releases/download/v1.19.0/cargo-binstall-aarch64-apple-darwin.zip"

[tools.cargo-binstall."platforms.macos-x64"]
checksum = "sha256:289007dce39f181188b620c19783d3a0e8f37fb9e5d7c3ff1da9cfb9a2d8ecc3"
url = "https://github.com/cargo-bins/cargo-binstall/releases/download/v1.19.0/cargo-binstall-x86_64-apple-darwin.zip"

[tools.cargo-binstall."platforms.windows-x64"]
checksum = "sha256:1113c92eb53160c4e0c12dc803f582a266d26b26ca529520e104806cce8d0204"
url = "https://github.com/cargo-bins/cargo-binstall/releases/download/v1.19.0/cargo-binstall-x86_64-pc-windows-msvc.zip"

[[tools."cargo:cargo-edit"]]
version = "0.13.10"
backend = "cargo:cargo-edit"

[[tools.git-cliff]]
version = "2.10.0"
backend = "aqua:orhun/git-cliff"

[tools.git-cliff."platforms.linux-arm64"]
checksum = "sha256:950fc9f3de372f387b4a208276a2fe3db4de0a9af31192b490355bc995585e16"
url = "https://github.com/orhun/git-cliff/releases/download/v2.10.0/git-cliff-2.10.0-aarch64-unknown-linux-musl.tar.gz"

[tools.git-cliff."platforms.linux-arm64-musl"]
checksum = "sha256:950fc9f3de372f387b4a208276a2fe3db4de0a9af31192b490355bc995585e16"
url = "https://github.com/orhun/git-cliff/releases/download/v2.10.0/git-cliff-2.10.0-aarch64-unknown-linux-musl.tar.gz"

[tools.git-cliff."platforms.linux-x64"]
checksum = "sha256:1cf5298984816684c408b365a3bf772422a69a40a37b694498e91b02e1825fd8"
url = "https://github.com/orhun/git-cliff/releases/download/v2.10.0/git-cliff-2.10.0-x86_64-unknown-linux-musl.tar.gz"

[tools.git-cliff."platforms.linux-x64-musl"]
checksum = "sha256:1cf5298984816684c408b365a3bf772422a69a40a37b694498e91b02e1825fd8"
url = "https://github.com/orhun/git-cliff/releases/download/v2.10.0/git-cliff-2.10.0-x86_64-unknown-linux-musl.tar.gz"

[tools.git-cliff."platforms.macos-arm64"]
checksum = "sha256:a2c37949a7fe6929ba0c7e1628f650aa4e9d2e616b3f32d502feedf3f72f5950"
url = "https://github.com/orhun/git-cliff/releases/download/v2.10.0/git-cliff-2.10.0-aarch64-apple-darwin.tar.gz"

[tools.git-cliff."platforms.macos-x64"]
checksum = "sha256:bc03321d61383241003c6bc983f3010c88eedad4b2807c35a3f2f314e34e831b"
url = "https://github.com/orhun/git-cliff/releases/download/v2.10.0/git-cliff-2.10.0-x86_64-apple-darwin.tar.gz"

[tools.git-cliff."platforms.windows-x64"]
checksum = "sha256:460a455bf0c6f4a0a9f5bab31d151ed483451dfd5bf60ddfa5eb6a1173b0d1cd"
url = "https://github.com/orhun/git-cliff/releases/download/v2.10.0/git-cliff-2.10.0-x86_64-pc-windows-msvc.zip"

[[tools.prettier]]
version = "3.8.3"
backend = "npm:prettier"
