lockfileVersion: '9.0'

settings:
  autoInstallPeers: true
  excludeLinksFromLockfile: false

importers:

  .:
    dependencies:
      prettier:
        specifier: 3.9.8
        version: 3.9.8

packages:

  prettier@3.9.8:
    resolution: {integrity: sha512-WRFq3Wn3WId7LLROfMLdH7xaFr2jR62wU8nLO6rQUOLOxNZUviyJQs1M0iIhLexSFy+L+w0ch66wtoO2jRjG0A==}
    engines: {node: '>=14'}
    hasBin: true

snapshots:

  prettier@3.9.8: {}
