name: aube-lock

# Regenerates aube-lock.yaml on Renovate branches. Renovate's npm manager
# updates package.json but has no aube support, leaving the lockfile stale
# and breaking `aube install --frozen-lockfile` in CI. See
# jdx/renovate-config for the workflow implementation.

on:
  push:
    branches: ["renovate/**"]

permissions:
  contents: write

jobs:
  aube-lock:
    uses: jdx/renovate-config/.github/workflows/aube-lock.yml@090d40946326123d50ef965296d3fc188b214886 # v1.0.0
    secrets:
      AUBE_LOCK_APP_ID: ${{ secrets.AUBE_LOCK_APP_ID }}
      AUBE_LOCK_APP_PRIVATE_KEY: ${{ secrets.AUBE_LOCK_APP_PRIVATE_KEY }}
